// !$*UTF8*$!
{
	archiveVersion = 1;
	classes = {
	};
	objectVersion = 54;
	objects = {

/* Begin PBXBuildFile section */
		"0109B2D5-3E80-4C46-B0E2-042E784FC866" /* Chromagram.cpp in Sources */ = {isa = PBXBuildFile; fileRef = "49448957-52A3-4C45-A24C-CE34D1876A7F" /* Chromagram.cpp */; };
		"018A5D16-4439-4E50-99DC-CA048B81D83B" /* ofxSingleSoundPlayer.cpp in Sources */ = {isa = PBXBuildFile; fileRef = "E3A8EA71-7102-4352-BD95-6E1C52EFD5A9" /* ofxSingleSoundPlayer.cpp */; };
		"09C2C36B-5B57-4C62-BD0B-488019EBCA8A" /* OnsetDetectionFunction.cpp in Sources */ = {isa = PBXBuildFile; fileRef = "088CC312-C16B-4391-A356-D3A7B5D76FF6" /* OnsetDetectionFunction.cpp */; };
		"0B14B812-F709-4380-9529-88B2AFEC92CC" /* ofxSoundSpliter.cpp in Sources */ = {isa = PBXBuildFile; fileRef = "811CBF01-17A4-4481-AB1A-A5E3E8451AF7" /* ofxSoundSpliter.cpp */; };
		"0FCC06B2-DB41-4AFE-8844-4D3ACD7A6AEF" /* ofxTCPClient.cpp in Sources */ = {isa = PBXBuildFile; fileRef = "48DF7984-2720-4F22-8EB1-FA650B626ECF" /* ofxTCPClient.cpp */; };
		"12857282-12C7-4088-8D8F-A86AD0311557" /* ofxUDPManager.cpp in Sources */ = {isa = PBXBuildFile; fileRef = "D75C3BEE-359B-483A-925F-5EA862809FB3" /* ofxUDPManager.cpp */; };
		"16EFAD33-C4FF-4D61-B6B5-3CBA6EBEC920" /* ofxGuiGroup.cpp in Sources */ = {isa = PBXBuildFile; fileRef = "15AE636F-BF67-4F51-A0AF-49AFAC2274AB" /* ofxGuiGroup.cpp */; };
		"17B30ECB-30DC-4ADC-B49A-6A8BC9341364" /* ofxSoundObjectMatrixMixerRenderer.cpp in Sources */ = {isa = PBXBuildFile; fileRef = "0EA82575-1250-4F42-AC75-4624A9514670" /* ofxSoundObjectMatrixMixerRenderer.cpp */; };
		"17EAE3CF-0DCA-4F1C-953B-C763A5129CA1" /* ofxSoundMatrixMixer.cpp in Sources */ = {isa = PBXBuildFile; fileRef = "27EBE719-EDE8-4900-8F7B-9DE6A29CC9DC" /* ofxSoundMatrixMixer.cpp */; };
		"18C58410-B0A8-4A0E-8CF0-7F4865040247" /* Processor.cpp in Sources */ = {isa = PBXBuildFile; fileRef = "DC9271C3-AAA6-4D07-8AA6-00822C3E2B37" /* Processor.cpp */; };
		"1B0B6856-F876-49E3-8730-D839B4EDD6FF" /* ofxTCPManager.cpp in Sources */ = {isa = PBXBuildFile; fileRef = "DEDC9FE2-A646-4950-B059-689843380AEE" /* ofxTCPManager.cpp */; };
		"2625BCA7-E68F-492D-935E-6E2022A98870" /* OscTypes.cpp in Sources */ = {isa = PBXBuildFile; fileRef = "E56847DA-8182-4891-A33E-D3CB813EA627" /* OscTypes.cpp */; };
		"3781195D-2B3D-47BD-8AF7-6301DFE78C28" /* ofxOscReceiver.cpp in Sources */ = {isa = PBXBuildFile; fileRef = "012FFBFD-B3CF-4F51-B529-CA77919C7AB3" /* ofxOscReceiver.cpp */; };
		"38C1D5B2-FD2D-40C8-9784-9946BC3222C9" /* SpectrumPlots.cpp in Sources */ = {isa = PBXBuildFile; fileRef = "F20BB075-858D-4AA0-9061-2D72C99D07CC" /* SpectrumPlots.cpp */; };
		"410D2BFA-4EAE-4FEE-974A-EFA0338473AC" /* ofxMultiSoundPlayer.cpp in Sources */ = {isa = PBXBuildFile; fileRef = "B3E94879-62F0-4895-9AE2-BD1B95BF4FFE" /* ofxMultiSoundPlayer.cpp */; };
		"46C8D359-03C9-43A4-94A2-B04A29DFA4E1" /* ofxBaseGui.cpp in Sources */ = {isa = PBXBuildFile; fileRef = "29340DB8-3B3E-4ADB-85DB-8A089070EB68" /* ofxBaseGui.cpp */; };
		"497B63CA-DC8A-4405-B345-881E95AAED92" /* ofx2DCanvas.cpp in Sources */ = {isa = PBXBuildFile; fileRef = "8B468C9A-2EE7-464D-BE3F-5B2CE5138CD7" /* ofx2DCanvas.cpp */; };
		"4EB18279-72D2-4D71-9BCE-08F5540170F9" /* ofxOscParameterSync.cpp in Sources */ = {isa = PBXBuildFile; fileRef = "F413F214-CE53-426A-874D-7A85DF60666E" /* ofxOscParameterSync.cpp */; };
		"505E4362-5811-43C3-A535-ADE194EA0A4D" /* ChordDetector.cpp in Sources */ = {isa = PBXBuildFile; fileRef = "7DF84226-B3A0-4D5E-B0B2-3E8D8BBAC651" /* ChordDetector.cpp */; };
		"54645424-6175-4B59-AD84-337813D239A6" /* ofxSoundUtils.cpp in Sources */ = {isa = PBXBuildFile; fileRef = "BFF96B30-C058-4F76-A7B7-CD7F9156F989" /* ofxSoundUtils.cpp */; };
		"603D3667-67C5-48C8-B4CD-32E0B234F9D7" /* ofxGist.cpp in Sources */ = {isa = PBXBuildFile; fileRef = "492E60C4-BF57-455C-ADAA-0E0A975809D0" /* ofxGist.cpp */; };
		"68C0AB2B-F1A9-44B5-8F7D-EAE65734BAE9" /* ofxOscSender.cpp in Sources */ = {isa = PBXBuildFile; fileRef = "97547082-6F56-4006-9A15-94EC89B8889A" /* ofxOscSender.cpp */; };
		"732CB4FA-5F81-403B-A057-6A09BCD7CD7E" /* ofxContinuousSomPalette.cpp in Sources */ = {isa = PBXBuildFile; fileRef = "EB1A71B5-6C66-4932-B425-DE695A7C3674" /* ofxContinuousSomPalette.cpp */; };
		"7802B3D5-88F7-491F-B9F8-41B9BA691F66" /* ofxSlidersGrid.cpp in Sources */ = {isa = PBXBuildFile; fileRef = "74EB546C-B087-48C0-9EF3-DD8619FB43D0" /* ofxSlidersGrid.cpp */; };
		"7EF94A45-A2E9-4ACD-82F6-1CF69D69D5CE" /* LocalGistClient.cpp in Sources */ = {isa = PBXBuildFile; fileRef = "262E26D1-CA5C-4CF7-95CE-F791E1EC94B0" /* LocalGistClient.cpp */; };
		"7F990E2A-C258-4DF3-9F8E-C4C5274C5B59" /* ofxLabel.cpp in Sources */ = {isa = PBXBuildFile; fileRef = "33ECAB4B-ABBA-42E7-ADAF-B0EAE29445B6" /* ofxLabel.cpp */; };
		"82B36A57-64DD-45D9-83F5-D8D0EB9DB392" /* ofxInputField.cpp in Sources */ = {isa = PBXBuildFile; fileRef = "74C67B2D-640E-46F4-950A-34DE02754D8C" /* ofxInputField.cpp */; };
		"83CE6BAA-BB2B-494B-853A-1670069E7841" /* ofxOscBundle.cpp in Sources */ = {isa = PBXBuildFile; fileRef = "3AE9B12A-4591-4BE7-8FBE-897FC810280B" /* ofxOscBundle.cpp */; };
		"88A3319C-A8C6-4C8B-9FFF-D3FAD7C49150" /* NetworkingUtils.cpp in Sources */ = {isa = PBXBuildFile; fileRef = "01A37306-9AD1-43AA-82FE-6CFFEB3E6E8C" /* NetworkingUtils.cpp */; };
		"8C93B7B5-6A1F-4AA9-BE68-421CC9561E15" /* ofxButton.cpp in Sources */ = {isa = PBXBuildFile; fileRef = "D9AC5E87-9633-4A86-9C25-CFA35F68DD3F" /* ofxButton.cpp */; };
		"8E65CC60-4FC5-4918-B6B3-1746573C3930" /* kiss_fft.c in Sources */ = {isa = PBXBuildFile; fileRef = "D3C3CFB7-84F8-4633-9C1E-AC32DEB508F8" /* kiss_fft.c */; };
		"96CFF07C-20C5-48BC-B017-CB018F570C33" /* ofxToggle.cpp in Sources */ = {isa = PBXBuildFile; fileRef = "5A34E7F8-B444-4A73-AD46-777941C0FF9F" /* ofxToggle.cpp */; };
		"96EBD2A7-D9C9-498F-B30A-0A83253201A5" /* VUMeter.cpp in Sources */ = {isa = PBXBuildFile; fileRef = "29ABB0B7-F987-4593-B384-2382B9BF5591" /* VUMeter.cpp */; };
		"9E132E3C-178C-4408-94EF-00528F8D4FA6" /* ofxSomPalette.cpp in Sources */ = {isa = PBXBuildFile; fileRef = "53F19D60-49BB-40BC-8185-C5F2BC474F60" /* ofxSomPalette.cpp */; };
		"A04CA464-FBCA-43A1-A571-EB05DDA3EB8A" /* ofxSlider.cpp in Sources */ = {isa = PBXBuildFile; fileRef = "DFCF7BD0-B13B-465E-A99F-2D590C6F25C5" /* ofxSlider.cpp */; };
		"A2246894-195B-407F-B132-BAC16454CC61" /* MFCC.cpp in Sources */ = {isa = PBXBuildFile; fileRef = "A2E8E419-6B3D-4BAD-BF52-EB4C2189B2C3" /* MFCC.cpp */; };
		"A51BBAB6-1DAE-4B18-B9EA-138A9475738A" /* OscOutboundPacketStream.cpp in Sources */ = {isa = PBXBuildFile; fileRef = "98E5EA90-0659-40EC-92C3-B19415FE7E0F" /* OscOutboundPacketStream.cpp */; };
		"AA686118-B909-4510-B3D4-66BC1CF1EA34" /* ofxSelfOrganizingMap.cpp in Sources */ = {isa = PBXBuildFile; fileRef = "FC2F9867-20B9-4B0A-97F5-E5D9A635ABF8" /* ofxSelfOrganizingMap.cpp */; };
		"B0C4BB8C-5545-40B7-81DD-6C0891EF9C2F" /* FileClient.cpp in Sources */ = {isa = PBXBuildFile; fileRef = "D9F01442-62BE-4872-B2E2-3F0DBAAF83F1" /* FileClient.cpp */; };
		"B3B601A5-638D-4584-A9CE-214F807EA4CB" /* ofxTCPServer.cpp in Sources */ = {isa = PBXBuildFile; fileRef = "A99666B4-6010-4F59-930C-3F02FE1743BA" /* ofxTCPServer.cpp */; };
		"B4AD1658-AD18-46A2-BD11-F756D31AEAC5" /* CoreTimeDomainFeatures.cpp in Sources */ = {isa = PBXBuildFile; fileRef = "574ADAE6-CE00-4956-9414-12E6460153F7" /* CoreTimeDomainFeatures.cpp */; };
		"BB7B8CF8-824B-4D18-8FF9-210D5C6E1415" /* ofxSoundObject.cpp in Sources */ = {isa = PBXBuildFile; fileRef = "11394DD3-3C03-4A10-A8F0-604AF950E441" /* ofxSoundObject.cpp */; };
		"BC144E8C-66E8-440F-B25C-06C81D8C56E6" /* UdpSocket.cpp in Sources */ = {isa = PBXBuildFile; fileRef = "5404D898-66EC-4309-A2AE-0FB115325CDD" /* UdpSocket.cpp */; };
		"BE5D563F-AB04-439D-903B-C62BAB495984" /* waveformDraw.cpp in Sources */ = {isa = PBXBuildFile; fileRef = "5902F904-FA9C-4015-9301-AC4139299229" /* waveformDraw.cpp */; };
		"C08EEF5C-8F1D-4992-85E2-5E8F0E10FF55" /* ofxSoundRecorderObject.cpp in Sources */ = {isa = PBXBuildFile; fileRef = "EFBC5533-80F9-44D1-B06D-431EF2242090" /* ofxSoundRecorderObject.cpp */; };
		"C11BE62D-60D8-405F-B455-30478DC1B1EA" /* ofxPanel.cpp in Sources */ = {isa = PBXBuildFile; fileRef = "768D2020-1C3F-4AED-9418-B53A22640911" /* ofxPanel.cpp */; };
		"D5245C32-EDC4-4216-8D12-0169CC6ABE01" /* ofxSoundMixer.cpp in Sources */ = {isa = PBXBuildFile; fileRef = "C5BCF2AE-7306-4CF4-B45B-64BA9BBE59D1" /* ofxSoundMixer.cpp */; };
		"D7C6589E-0581-4179-9979-4A61A23F51CC" /* Yin.cpp in Sources */ = {isa = PBXBuildFile; fileRef = "4F0F3F26-4576-4724-9121-0DC4939F7E63" /* Yin.cpp */; };
		"DA4FEEC7-865E-4E06-ADC4-5B3BECAD237D" /* ofxSliderGroup.cpp in Sources */ = {isa = PBXBuildFile; fileRef = "03FA2440-669F-4C53-B945-FFC06601CBE3" /* ofxSliderGroup.cpp */; };
		"DB75DAE5-AA79-418B-8D0C-8340715ED9CC" /* Panner.cpp in Sources */ = {isa = PBXBuildFile; fileRef = "80A302BC-92E8-4C69-B595-D6E68D769546" /* Panner.cpp */; };
		"DFE595B5-0D5B-4060-8002-11F1F9BCE768" /* ofxOscMessage.cpp in Sources */ = {isa = PBXBuildFile; fileRef = "DDD7097F-E77F-4FF6-8ACE-8E5B71438B77" /* ofxOscMessage.cpp */; };
		"E3CDB930-E235-49D8-8AD2-90813BB4A48F" /* ofxNetworkUtils.cpp in Sources */ = {isa = PBXBuildFile; fileRef = "C8E13A86-A081-4B93-8477-86C5F557693F" /* ofxNetworkUtils.cpp */; };
		"E3DEF8B6-DA62-43D5-AADE-8B43D955460D" /* ofxHistoryPlot.cpp in Sources */ = {isa = PBXBuildFile; fileRef = "78B081D6-E521-481D-8310-8E2505502B1D" /* ofxHistoryPlot.cpp */; };
		E4B69E200A3A1BDC003C02F2 /* main.cpp in Sources */ = {isa = PBXBuildFile; fileRef = E4B69E1D0A3A1BDC003C02F2 /* main.cpp */; };
		E4B69E210A3A1BDC003C02F2 /* ofApp.cpp in Sources */ = {isa = PBXBuildFile; fileRef = E4B69E1E0A3A1BDC003C02F2 /* ofApp.cpp */; };
		"EF312052-19B1-4700-9852-FACB8E665BA4" /* Plots.cpp in Sources */ = {isa = PBXBuildFile; fileRef = "95977062-C91E-415A-8F9F-00AC26E57A66" /* Plots.cpp */; };
		"F02D1FBD-01EB-4040-8D42-E04B78BDB851" /* ofxColorPicker.cpp in Sources */ = {isa = PBXBuildFile; fileRef = "5E8F8A84-EC07-45FD-9A0D-E3A33CF9B41A" /* ofxColorPicker.cpp */; };
		"F1796997-5CA9-4F26-8E01-4A1BFEFC2331" /* OscPrintReceivedElements.cpp in Sources */ = {isa = PBXBuildFile; fileRef = "14475B37-73AC-49E1-8834-BDCA3E454030" /* OscPrintReceivedElements.cpp */; };
		"F2DB8F01-A7A7-4B89-95C4-D7F3992F5F6F" /* ofxSoundMultiplexer.cpp in Sources */ = {isa = PBXBuildFile; fileRef = "F116AE83-2367-48CF-9071-85D6E5597D75" /* ofxSoundMultiplexer.cpp */; };
		"F2FC3133-1333-4204-B3F0-D963F10CB97B" /* OscReceivedElements.cpp in Sources */ = {isa = PBXBuildFile; fileRef = "1F0D5901-20F2-4F3C-9014-BA2E25139F10" /* OscReceivedElements.cpp */; };
		"F712D1BB-D225-4C7E-AFAC-0B5DAAD9F226" /* ofxSoundObjectBaseRenderer.cpp in Sources */ = {isa = PBXBuildFile; fileRef = "748620B8-6AEC-444D-8149-E3A3E95F8ED2" /* ofxSoundObjectBaseRenderer.cpp */; };
		"F7683AE0-99A6-4DA6-8EEE-F108F8A9F4C2" /* BaseClient.cpp in Sources */ = {isa = PBXBuildFile; fileRef = "FF70BEF4-7BD9-4757-954D-4C3C954D362F" /* BaseClient.cpp */; };
		"F8D209D0-75AD-43C2-BCCF-02CB0B7D8015" /* IpEndpointName.cpp in Sources */ = {isa = PBXBuildFile; fileRef = "ADCB383F-37CA-4F9E-87B2-6DEFA198156A" /* IpEndpointName.cpp */; };
		"F953BC6F-C241-4D61-87E5-23A9302575D4" /* LiveClient.cpp in Sources */ = {isa = PBXBuildFile; fileRef = "DA2521DC-A718-4C4F-9206-70C236A8C8DB" /* LiveClient.cpp */; };
		"FAF1B336-1BD9-40E4-82FA-7CE4F78BF5C6" /* ofxAudioFile.cpp in Sources */ = {isa = PBXBuildFile; fileRef = "A2DD1950-FCC8-4F6D-85A4-E78EE75B2E36" /* ofxAudioFile.cpp */; };
		"FB82E1B7-1005-4F45-9A6E-1CFA273C6354" /* ofxSoundFile.cpp in Sources */ = {isa = PBXBuildFile; fileRef = "1D191F24-BEC4-492B-9BA4-18A906C83C55" /* ofxSoundFile.cpp */; };
		"FFF582F5-141C-465D-A0D2-6658BAAD0A3E" /* CoreFrequencyDomainFeatures.cpp in Sources */ = {isa = PBXBuildFile; fileRef = "1574C9D9-AE02-423F-9E13-FEDF8F3B0993" /* CoreFrequencyDomainFeatures.cpp */; };
/* End PBXBuildFile section */

/* Begin PBXCopyFilesBuildPhase section */
		E4A5B60F29BAAAE400C2D356 /* CopyFiles */ = {
			isa = PBXCopyFilesBuildPhase;
			buildActionMask = 2147483647;
			dstPath = "";
			dstSubfolderSpec = 6;
			files = (
			);
			runOnlyForDeploymentPostprocessing = 0;
		};
		E4C2427710CC5ABF004149E2 /* CopyFiles */ = {
			isa = PBXCopyFilesBuildPhase;
			buildActionMask = 2147483647;
			dstPath = "";
			dstSubfolderSpec = 10;
			files = (
			);
			runOnlyForDeploymentPostprocessing = 0;
		};
/* End PBXCopyFilesBuildPhase section */

/* Begin PBXFileReference section */
		"012FFBFD-B3CF-4F51-B529-CA77919C7AB3" /* ofxOscReceiver.cpp */ = {isa = PBXFileReference; fileEncoding = 4; lastKnownFileType = sourcecode.cpp.cpp; path = ofxOscReceiver.cpp; sourceTree = "<group>"; };
		"01A37306-9AD1-43AA-82FE-6CFFEB3E6E8C" /* NetworkingUtils.cpp */ = {isa = PBXFileReference; fileEncoding = 4; lastKnownFileType = sourcecode.cpp.cpp; path = NetworkingUtils.cpp; sourceTree = "<group>"; };
		"03FA2440-669F-4C53-B945-FFC06601CBE3" /* ofxSliderGroup.cpp */ = {isa = PBXFileReference; fileEncoding = 4; lastKnownFileType = sourcecode.cpp.cpp; path = ofxSliderGroup.cpp; sourceTree = "<group>"; };
		"088CC312-C16B-4391-A356-D3A7B5D76FF6" /* OnsetDetectionFunction.cpp */ = {isa = PBXFileReference; fileEncoding = 4; lastKnownFileType = sourcecode.cpp.cpp; path = OnsetDetectionFunction.cpp; sourceTree = "<group>"; };
		"08BBD74A-6ACF-4B5F-9F97-4DEC0BF8D36C" /* ofxSoundUtils.h */ = {isa = PBXFileReference; fileEncoding = 4; lastKnownFileType = sourcecode.cpp.h; path = ofxSoundUtils.h; sourceTree = "<group>"; };
		"09121032-205B-492C-B3ED-308D693D0101" /* NullOutput.h */ = {isa = PBXFileReference; fileEncoding = 4; lastKnownFileType = sourcecode.cpp.h; path = NullOutput.h; sourceTree = "<group>"; };
		"0D515696-EC62-4D49-B78E-6F64B8796D5D" /* MessageMappingOscPacketListener.h */ = {isa = PBXFileReference; fileEncoding = 4; lastKnownFileType = sourcecode.cpp.h; path = MessageMappingOscPacketListener.h; sourceTree = "<group>"; };
		"0EA82575-1250-4F42-AC75-4624A9514670" /* ofxSoundObjectMatrixMixerRenderer.cpp */ = {isa = PBXFileReference; fileEncoding = 4; lastKnownFileType = sourcecode.cpp.cpp; path = ofxSoundObjectMatrixMixerRenderer.cpp; sourceTree = "<group>"; };
		"11394DD3-3C03-4A10-A8F0-604AF950E441" /* ofxSoundObject.cpp */ = {isa = PBXFileReference; fileEncoding = 4; lastKnownFileType = sourcecode.cpp.cpp; path = ofxSoundObject.cpp; sourceTree = "<group>"; };
		"11B21D48-5A6E-4D90-8E34-1FDD15E163A4" /* data */ = {isa = PBXFileReference; fileEncoding = 4; lastKnownFileType = folder; name = data; path = bin/data; sourceTree = SOURCE_ROOT; };
		"13003E51-D6AC-45E9-AE72-6559DBB83B53" /* ofxSoundMixer.h */ = {isa = PBXFileReference; fileEncoding = 4; lastKnownFileType = sourcecode.cpp.h; path = ofxSoundMixer.h; sourceTree = "<group>"; };
		"14475B37-73AC-49E1-8834-BDCA3E454030" /* OscPrintReceivedElements.cpp */ = {isa = PBXFileReference; fileEncoding = 4; lastKnownFileType = sourcecode.cpp.cpp; path = OscPrintReceivedElements.cpp; sourceTree = "<group>"; };
		"14FF6200-7510-440C-A76A-80CF3C206F94" /* Chromagram.h */ = {isa = PBXFileReference; fileEncoding = 4; lastKnownFileType = sourcecode.cpp.h; path = Chromagram.h; sourceTree = "<group>"; };
		"1540F5AC-8F42-4E05-875E-368465678772" /* OscReceivedElements.h */ = {isa = PBXFileReference; fileEncoding = 4; lastKnownFileType = sourcecode.cpp.h; path = OscReceivedElements.h; sourceTree = "<group>"; };
		"1574C9D9-AE02-423F-9E13-FEDF8F3B0993" /* CoreFrequencyDomainFeatures.cpp */ = {isa = PBXFileReference; fileEncoding = 4; lastKnownFileType = sourcecode.cpp.cpp; path = CoreFrequencyDomainFeatures.cpp; sourceTree = "<group>"; };
		"15AE636F-BF67-4F51-A0AF-49AFAC2274AB" /* ofxGuiGroup.cpp */ = {isa = PBXFileReference; fileEncoding = 4; lastKnownFileType = sourcecode.cpp.cpp; path = ofxGuiGroup.cpp; sourceTree = "<group>"; };
		"168653E1-EC77-499B-9908-549BC8663477" /* ofxSoundSpliter.h */ = {isa = PBXFileReference; fileEncoding = 4; lastKnownFileType = sourcecode.cpp.h; path = ofxSoundSpliter.h; sourceTree = "<group>"; };
		191CD6FA2847E21E0085CBB6 /* of.entitlements */ = {isa = PBXFileReference; fileEncoding = 4; lastKnownFileType = text.plist.entitlements; path = of.entitlements; sourceTree = "<group>"; };
		191EF70929D778A400F35F26 /* openFrameworks */ = {isa = PBXFileReference; lastKnownFileType = folder; name = openFrameworks; path = ../../../libs/openFrameworks; sourceTree = SOURCE_ROOT; };
		"19FB9264-3B11-4D13-A190-399EEF618720" /* OscPacketListener.h */ = {isa = PBXFileReference; fileEncoding = 4; lastKnownFileType = sourcecode.cpp.h; path = OscPacketListener.h; sourceTree = "<group>"; };
		"1D191F24-BEC4-492B-9BA4-18A906C83C55" /* ofxSoundFile.cpp */ = {isa = PBXFileReference; fileEncoding = 4; lastKnownFileType = sourcecode.cpp.cpp; path = ofxSoundFile.cpp; sourceTree = "<group>"; };
		"1E804E14-97BF-46E8-B5F9-97F5ACCF8E82" /* VUMeter.h */ = {isa = PBXFileReference; fileEncoding = 4; lastKnownFileType = sourcecode.cpp.h; path = VUMeter.h; sourceTree = "<group>"; };
		"1F0D5901-20F2-4F3C-9014-BA2E25139F10" /* OscReceivedElements.cpp */ = {isa = PBXFileReference; fileEncoding = 4; lastKnownFileType = sourcecode.cpp.cpp; path = OscReceivedElements.cpp; sourceTree = "<group>"; };
		"262E26D1-CA5C-4CF7-95CE-F791E1EC94B0" /* LocalGistClient.cpp */ = {isa = PBXFileReference; fileEncoding = 4; lastKnownFileType = sourcecode.cpp.cpp; path = LocalGistClient.cpp; sourceTree = "<group>"; };
		"27EBE719-EDE8-4900-8F7B-9DE6A29CC9DC" /* ofxSoundMatrixMixer.cpp */ = {isa = PBXFileReference; fileEncoding = 4; lastKnownFileType = sourcecode.cpp.cpp; path = ofxSoundMatrixMixer.cpp; sourceTree = "<group>"; };
		"29340DB8-3B3E-4ADB-85DB-8A089070EB68" /* ofxBaseGui.cpp */ = {isa = PBXFileReference; fileEncoding = 4; lastKnownFileType = sourcecode.cpp.cpp; path = ofxBaseGui.cpp; sourceTree = "<group>"; };
		"29ABB0B7-F987-4593-B384-2382B9BF5591" /* VUMeter.cpp */ = {isa = PBXFileReference; fileEncoding = 4; lastKnownFileType = sourcecode.cpp.cpp; path = VUMeter.cpp; sourceTree = "<group>"; };
		"2B974D48-140D-4EBD-A092-AA54C9DA4814" /* dr_mp3.h */ = {isa = PBXFileReference; fileEncoding = 4; lastKnownFileType = sourcecode.cpp.h; path = dr_mp3.h; sourceTree = "<group>"; };
		"300A84A4-6F0B-4114-8FB7-802FBC09656D" /* ofxSoundMultiplexer.h */ = {isa = PBXFileReference; fileEncoding = 4; lastKnownFileType = sourcecode.cpp.h; path = ofxSoundMultiplexer.h; sourceTree = "<group>"; };
		"33ECAB4B-ABBA-42E7-ADAF-B0EAE29445B6" /* ofxLabel.cpp */ = {isa = PBXFileReference; fileEncoding = 4; lastKnownFileType = sourcecode.cpp.cpp; path = ofxLabel.cpp; sourceTree = "<group>"; };
		"35176CEE-7431-414C-8854-535047D027B5" /* Yin.h */ = {isa = PBXFileReference; fileEncoding = 4; lastKnownFileType = sourcecode.cpp.h; path = Yin.h; sourceTree = "<group>"; };
		"3586643B-7540-461D-B3DB-1454E935E562" /* MFCC.h */ = {isa = PBXFileReference; fileEncoding = 4; lastKnownFileType = sourcecode.cpp.h; path = MFCC.h; sourceTree = "<group>"; };
		"3ABDCE2B-8C17-4A7B-ADAF-492499AA987D" /* ofxMultiSoundPlayer.h */ = {isa = PBXFileReference; fileEncoding = 4; lastKnownFileType = sourcecode.cpp.h; path = ofxMultiSoundPlayer.h; sourceTree = "<group>"; };
		"3AE9B12A-4591-4BE7-8FBE-897FC810280B" /* ofxOscBundle.cpp */ = {isa = PBXFileReference; fileEncoding = 4; lastKnownFileType = sourcecode.cpp.cpp; path = ofxOscBundle.cpp; sourceTree = "<group>"; };
		"458539DE-31EB-46A8-8029-C6F628099EC3" /* OscHostEndianness.h */ = {isa = PBXFileReference; fileEncoding = 4; lastKnownFileType = sourcecode.cpp.h; path = OscHostEndianness.h; sourceTree = "<group>"; };
		"48DF7984-2720-4F22-8EB1-FA650B626ECF" /* ofxTCPClient.cpp */ = {isa = PBXFileReference; fileEncoding = 4; lastKnownFileType = sourcecode.cpp.cpp; path = ofxTCPClient.cpp; sourceTree = "<group>"; };
		"492E60C4-BF57-455C-ADAA-0E0A975809D0" /* ofxGist.cpp */ = {isa = PBXFileReference; fileEncoding = 4; lastKnownFileType = sourcecode.cpp.cpp; path = ofxGist.cpp; sourceTree = "<group>"; };
		"49448957-52A3-4C45-A24C-CE34D1876A7F" /* Chromagram.cpp */ = {isa = PBXFileReference; fileEncoding = 4; lastKnownFileType = sourcecode.cpp.cpp; path = Chromagram.cpp; sourceTree = "<group>"; };
		"49C5CCA5-294A-4DCC-BA73-779ACB3F14DB" /* LowPassFilter.h */ = {isa = PBXFileReference; fileEncoding = 4; lastKnownFileType = sourcecode.cpp.h; path = LowPassFilter.h; sourceTree = "<group>"; };
		"4D0E9AF0-7789-4651-8CF7-787BBD7EDFCF" /* OnsetDetectionFunction.h */ = {isa = PBXFileReference; fileEncoding = 4; lastKnownFileType = sourcecode.cpp.h; path = OnsetDetectionFunction.h; sourceTree = "<group>"; };
		"4D8D3E35-122A-450D-BEAF-F0050367086D" /* ofxPanel.h */ = {isa = PBXFileReference; fileEncoding = 4; lastKnownFileType = sourcecode.cpp.h; path = ofxPanel.h; sourceTree = "<group>"; };
		"4F0A3B3A-F50E-428A-BB75-3653CA46706B" /* _kiss_fft_guts.h */ = {isa = PBXFileReference; fileEncoding = 4; lastKnownFileType = sourcecode.cpp.h; path = _kiss_fft_guts.h; sourceTree = "<group>"; };
		"4F0F3F26-4576-4724-9121-0DC4939F7E63" /* Yin.cpp */ = {isa = PBXFileReference; fileEncoding = 4; lastKnownFileType = sourcecode.cpp.cpp; path = Yin.cpp; sourceTree = "<group>"; };
		"500D6BB8-105E-409E-BDD5-6D0E13F93BF4" /* NoiseGenerator.h */ = {isa = PBXFileReference; fileEncoding = 4; lastKnownFileType = sourcecode.cpp.h; path = NoiseGenerator.h; sourceTree = "<group>"; };
		"525354EE-ED5E-4A61-8183-ADF665496E1F" /* ofxSliderGroup.h */ = {isa = PBXFileReference; fileEncoding = 4; lastKnownFileType = sourcecode.cpp.h; path = ofxSliderGroup.h; sourceTree = "<group>"; };
		"536A8744-7A2B-460C-8F0B-A48874675588" /* PacketListener.h */ = {isa = PBXFileReference; fileEncoding = 4; lastKnownFileType = sourcecode.cpp.h; path = PacketListener.h; sourceTree = "<group>"; };
		"53F19D60-49BB-40BC-8185-C5F2BC474F60" /* ofxSomPalette.cpp */ = {isa = PBXFileReference; fileEncoding = 4; lastKnownFileType = sourcecode.cpp.cpp; path = ofxSomPalette.cpp; sourceTree = "<group>"; };
		"5404D898-66EC-4309-A2AE-0FB115325CDD" /* UdpSocket.cpp */ = {isa = PBXFileReference; fileEncoding = 4; lastKnownFileType = sourcecode.cpp.cpp; path = UdpSocket.cpp; sourceTree = "<group>"; };
		"5437C0EE-9C54-4BD5-A3F3-06F7AC4CD399" /* ofxTCPClient.h */ = {isa = PBXFileReference; fileEncoding = 4; lastKnownFileType = sourcecode.cpp.h; path = ofxTCPClient.h; sourceTree = "<group>"; };
		"54E90ED7-7C3C-474D-B340-1F08EA337450" /* ofxTCPServer.h */ = {isa = PBXFileReference; fileEncoding = 4; lastKnownFileType = sourcecode.cpp.h; path = ofxTCPServer.h; sourceTree = "<group>"; };
		"574ADAE6-CE00-4956-9414-12E6460153F7" /* CoreTimeDomainFeatures.cpp */ = {isa = PBXFileReference; fileEncoding = 4; lastKnownFileType = sourcecode.cpp.cpp; path = CoreTimeDomainFeatures.cpp; sourceTree = "<group>"; };
		"584A368D-2586-456F-B968-DE44E2835B42" /* ofxAudioFile.h */ = {isa = PBXFileReference; fileEncoding = 4; lastKnownFileType = sourcecode.cpp.h; path = ofxAudioFile.h; sourceTree = "<group>"; };
		"58DC92A1-C4D5-4666-9F03-0BA9A71F862D" /* ofxInputField.h */ = {isa = PBXFileReference; fileEncoding = 4; lastKnownFileType = sourcecode.cpp.h; path = ofxInputField.h; sourceTree = "<group>"; };
		"58EB026E-B3BC-4BB4-89D4-A358B845322A" /* OscTypes.h */ = {isa = PBXFileReference; fileEncoding = 4; lastKnownFileType = sourcecode.cpp.h; path = OscTypes.h; sourceTree = "<group>"; };
		"5902F904-FA9C-4015-9301-AC4139299229" /* waveformDraw.cpp */ = {isa = PBXFileReference; fileEncoding = 4; lastKnownFileType = sourcecode.cpp.cpp; path = waveformDraw.cpp; sourceTree = "<group>"; };
		"590AFD78-746C-4090-8B84-5DEF4C963844" /* waveformDraw.h */ = {isa = PBXFileReference; fileEncoding = 4; lastKnownFileType = sourcecode.cpp.h; path = waveformDraw.h; sourceTree = "<group>"; };
		"595AF7B9-FB2C-4E04-8520-45267D91EA33" /* ofxContinuousSomPalette.hpp */ = {isa = PBXFileReference; fileEncoding = 4; lastKnownFileType = sourcecode.cpp.h; path = ofxContinuousSomPalette.hpp; sourceTree = "<group>"; };
		"5A34E7F8-B444-4A73-AD46-777941C0FF9F" /* ofxToggle.cpp */ = {isa = PBXFileReference; fileEncoding = 4; lastKnownFileType = sourcecode.cpp.cpp; path = ofxToggle.cpp; sourceTree = "<group>"; };
		"5CCA2D6D-85A8-4FF0-A206-C030E1313B44" /* ofxAudioData.h */ = {isa = PBXFileReference; fileEncoding = 4; lastKnownFileType = sourcecode.cpp.h; path = ofxAudioData.h; sourceTree = "<group>"; };
		"5E8F8A84-EC07-45FD-9A0D-E3A33CF9B41A" /* ofxColorPicker.cpp */ = {isa = PBXFileReference; fileEncoding = 4; lastKnownFileType = sourcecode.cpp.cpp; path = ofxColorPicker.cpp; sourceTree = "<group>"; };
		"5EC81948-05F1-46EC-97C4-080835AF929A" /* ofxGui.h */ = {isa = PBXFileReference; fileEncoding = 4; lastKnownFileType = sourcecode.cpp.h; path = ofxGui.h; sourceTree = "<group>"; };
		"5FEDB47E-A182-485C-810F-D7DB0CCA39B9" /* ofxButton.h */ = {isa = PBXFileReference; fileEncoding = 4; lastKnownFileType = sourcecode.cpp.h; path = ofxButton.h; sourceTree = "<group>"; };
		"6417C0D1-22F8-4A34-BD7C-731D97A98A4E" /* ofxGuiUtils.h */ = {isa = PBXFileReference; fileEncoding = 4; lastKnownFileType = sourcecode.cpp.h; path = ofxGuiUtils.h; sourceTree = "<group>"; };
		"64EEA66A-946F-4409-81EE-EBD0E3152539" /* ofxGuiGroup.h */ = {isa = PBXFileReference; fileEncoding = 4; lastKnownFileType = sourcecode.cpp.h; path = ofxGuiGroup.h; sourceTree = "<group>"; };
		"686CB043-A656-40FE-9EF8-66D0A13D383A" /* OscOutboundPacketStream.h */ = {isa = PBXFileReference; fileEncoding = 4; lastKnownFileType = sourcecode.cpp.h; path = OscOutboundPacketStream.h; sourceTree = "<group>"; };
		"6B873B8B-EDDC-4E7A-B94C-E1E63E4848BA" /* ofxSoundRecorderObject.h */ = {isa = PBXFileReference; fileEncoding = 4; lastKnownFileType = sourcecode.cpp.h; path = ofxSoundRecorderObject.h; sourceTree = "<group>"; };
		"71B9A325-3C7E-4C17-9B1A-106BDC67730C" /* Processor.hpp */ = {isa = PBXFileReference; fileEncoding = 4; lastKnownFileType = sourcecode.cpp.h; path = Processor.hpp; sourceTree = "<group>"; };
		"72864C8D-791A-4FB9-A57E-7196BF0A7B0B" /* ofx2DCanvas.h */ = {isa = PBXFileReference; fileEncoding = 4; lastKnownFileType = sourcecode.cpp.h; path = ofx2DCanvas.h; sourceTree = "<group>"; };
		"728AE95C-947D-4D04-B9E0-9A881DE50105" /* ofxOscMessage.h */ = {isa = PBXFileReference; fileEncoding = 4; lastKnownFileType = sourcecode.cpp.h; path = ofxOscMessage.h; sourceTree = "<group>"; };
		"72B25351-DB2D-425C-AAEF-0ED953A7FF75" /* Plots.hpp */ = {isa = PBXFileReference; fileEncoding = 4; lastKnownFileType = sourcecode.cpp.h; path = Plots.hpp; sourceTree = "<group>"; };
		"73F62C66-503A-4ABB-9AC0-B1EFC32D5813" /* ofxLabel.h */ = {isa = PBXFileReference; fileEncoding = 4; lastKnownFileType = sourcecode.cpp.h; path = ofxLabel.h; sourceTree = "<group>"; };
		"748620B8-6AEC-444D-8149-E3A3E95F8ED2" /* ofxSoundObjectBaseRenderer.cpp */ = {isa = PBXFileReference; fileEncoding = 4; lastKnownFileType = sourcecode.cpp.cpp; path = ofxSoundObjectBaseRenderer.cpp; sourceTree = "<group>"; };
		"74C67B2D-640E-46F4-950A-34DE02754D8C" /* ofxInputField.cpp */ = {isa = PBXFileReference; fileEncoding = 4; lastKnownFileType = sourcecode.cpp.cpp; path = ofxInputField.cpp; sourceTree = "<group>"; };
		"74EB546C-B087-48C0-9EF3-DD8619FB43D0" /* ofxSlidersGrid.cpp */ = {isa = PBXFileReference; fileEncoding = 4; lastKnownFileType = sourcecode.cpp.cpp; path = ofxSlidersGrid.cpp; sourceTree = "<group>"; };
		"768D2020-1C3F-4AED-9418-B53A22640911" /* ofxPanel.cpp */ = {isa = PBXFileReference; fileEncoding = 4; lastKnownFileType = sourcecode.cpp.cpp; path = ofxPanel.cpp; sourceTree = "<group>"; };
		"78B081D6-E521-481D-8310-8E2505502B1D" /* ofxHistoryPlot.cpp */ = {isa = PBXFileReference; fileEncoding = 4; lastKnownFileType = sourcecode.cpp.cpp; path = ofxHistoryPlot.cpp; sourceTree = "<group>"; };
		"7B89268C-C9D8-4208-9EA3-CED89FE958F1" /* ofxSlider.h */ = {isa = PBXFileReference; fileEncoding = 4; lastKnownFileType = sourcecode.cpp.h; path = ofxSlider.h; sourceTree = "<group>"; };
		"7DF84226-B3A0-4D5E-B0B2-3E8D8BBAC651" /* ChordDetector.cpp */ = {isa = PBXFileReference; fileEncoding = 4; lastKnownFileType = sourcecode.cpp.cpp; path = ChordDetector.cpp; sourceTree = "<group>"; };
		"7E052DA4-B8C3-4ECB-818C-A2ECBCBC4663" /* ofxSlidersGrid.h */ = {isa = PBXFileReference; fileEncoding = 4; lastKnownFileType = sourcecode.cpp.h; path = ofxSlidersGrid.h; sourceTree = "<group>"; };
		"80A302BC-92E8-4C69-B595-D6E68D769546" /* Panner.cpp */ = {isa = PBXFileReference; fileEncoding = 4; lastKnownFileType = sourcecode.cpp.cpp; path = Panner.cpp; sourceTree = "<group>"; };
		"811CBF01-17A4-4481-AB1A-A5E3E8451AF7" /* ofxSoundSpliter.cpp */ = {isa = PBXFileReference; fileEncoding = 4; lastKnownFileType = sourcecode.cpp.cpp; path = ofxSoundSpliter.cpp; sourceTree = "<group>"; };
		"81A96552-E47D-4EC7-8503-1332A51C6E28" /* ofxSingleSoundPlayer.h */ = {isa = PBXFileReference; fileEncoding = 4; lastKnownFileType = sourcecode.cpp.h; path = ofxSingleSoundPlayer.h; sourceTree = "<group>"; };
		"84068EF1-EAEB-48F9-A915-6959EC65673D" /* dr_wav.h */ = {isa = PBXFileReference; fileEncoding = 4; lastKnownFileType = sourcecode.cpp.h; path = dr_wav.h; sourceTree = "<group>"; };
		"85900A0E-EF01-4C0F-BF09-4DF18BBF02A7" /* stb_vorbis.h */ = {isa = PBXFileReference; fileEncoding = 4; lastKnownFileType = sourcecode.cpp.h; path = stb_vorbis.h; sourceTree = "<group>"; };
		"85E89EA8-8F37-4C02-A6F3-FEDBBA79BC15" /* OscException.h */ = {isa = PBXFileReference; fileEncoding = 4; lastKnownFileType = sourcecode.cpp.h; path = OscException.h; sourceTree = "<group>"; };
		"85F7D580-1E07-4BE2-86C8-5352DE6C3EE4" /* ofxTCPSettings.h */ = {isa = PBXFileReference; fileEncoding = 4; lastKnownFileType = sourcecode.cpp.h; path = ofxTCPSettings.h; sourceTree = "<group>"; };
		"8B468C9A-2EE7-464D-BE3F-5B2CE5138CD7" /* ofx2DCanvas.cpp */ = {isa = PBXFileReference; fileEncoding = 4; lastKnownFileType = sourcecode.cpp.cpp; path = ofx2DCanvas.cpp; sourceTree = "<group>"; };
		"8BE77CA4-3DF7-40D1-8AA8-936D3754919A" /* ofxColorPicker.h */ = {isa = PBXFileReference; fileEncoding = 4; lastKnownFileType = sourcecode.cpp.h; path = ofxColorPicker.h; sourceTree = "<group>"; };
		"93BDD032-FB1B-4480-B657-65149B819D63" /* ofxTCPManager.h */ = {isa = PBXFileReference; fileEncoding = 4; lastKnownFileType = sourcecode.cpp.h; path = ofxTCPManager.h; sourceTree = "<group>"; };
		"95977062-C91E-415A-8F9F-00AC26E57A66" /* Plots.cpp */ = {isa = PBXFileReference; fileEncoding = 4; lastKnownFileType = sourcecode.cpp.cpp; path = Plots.cpp; sourceTree = "<group>"; };
		"95D14B7B-3E13-438B-A2EC-2CC5010734E8" /* ofxOsc.h */ = {isa = PBXFileReference; fileEncoding = 4; lastKnownFileType = sourcecode.cpp.h; path = ofxOsc.h; sourceTree = "<group>"; };
		"97199ACE-0030-49B6-B293-B80CFFAA0792" /* ofxHistoryPlot.h */ = {isa = PBXFileReference; fileEncoding = 4; lastKnownFileType = sourcecode.cpp.h; path = ofxHistoryPlot.h; sourceTree = "<group>"; };
		"97547082-6F56-4006-9A15-94EC89B8889A" /* ofxOscSender.cpp */ = {isa = PBXFileReference; fileEncoding = 4; lastKnownFileType = sourcecode.cpp.cpp; path = ofxOscSender.cpp; sourceTree = "<group>"; };
		"98E5EA90-0659-40EC-92C3-B19415FE7E0F" /* OscOutboundPacketStream.cpp */ = {isa = PBXFileReference; fileEncoding = 4; lastKnownFileType = sourcecode.cpp.cpp; path = OscOutboundPacketStream.cpp; sourceTree = "<group>"; };
		"99C92137-1912-4DB4-B036-623E5CF778D9" /* ofxToggle.h */ = {isa = PBXFileReference; fileEncoding = 4; lastKnownFileType = sourcecode.cpp.h; path = ofxToggle.h; sourceTree = "<group>"; };
		"9BC7D14D-10D5-4EC2-ACAB-C9EF19507661" /* SineWaveGenerator.h */ = {isa = PBXFileReference; fileEncoding = 4; lastKnownFileType = sourcecode.cpp.h; path = SineWaveGenerator.h; sourceTree = "<group>"; };
		"9C79BAD4-CEBB-432D-8CD5-992065F87E04" /* LiveClient.hpp */ = {isa = PBXFileReference; fileEncoding = 4; lastKnownFileType = sourcecode.cpp.h; path = LiveClient.hpp; sourceTree = "<group>"; };
		"A2DD1950-FCC8-4F6D-85A4-E78EE75B2E36" /* ofxAudioFile.cpp */ = {isa = PBXFileReference; fileEncoding = 4; lastKnownFileType = sourcecode.cpp.cpp; path = ofxAudioFile.cpp; sourceTree = "<group>"; };
		"A2E8E419-6B3D-4BAD-BF52-EB4C2189B2C3" /* MFCC.cpp */ = {isa = PBXFileReference; fileEncoding = 4; lastKnownFileType = sourcecode.cpp.cpp; path = MFCC.cpp; sourceTree = "<group>"; };
		"A43BE8E7-93BE-444C-983D-DE31308FB51C" /* Panner.h */ = {isa = PBXFileReference; fileEncoding = 4; lastKnownFileType = sourcecode.cpp.h; path = Panner.h; sourceTree = "<group>"; };
		"A8126330-B75D-4558-A1E8-DCD44BE05579" /* ofxSelfOrganizingMap.h */ = {isa = PBXFileReference; fileEncoding = 4; lastKnownFileType = sourcecode.cpp.h; path = ofxSelfOrganizingMap.h; sourceTree = "<group>"; };
		"A99666B4-6010-4F59-930C-3F02FE1743BA" /* ofxTCPServer.cpp */ = {isa = PBXFileReference; fileEncoding = 4; lastKnownFileType = sourcecode.cpp.cpp; path = ofxTCPServer.cpp; sourceTree = "<group>"; };
		"AB07FF83-4BE4-44EB-BDE4-6EA9A046FFCC" /* LocalGistClient.hpp */ = {isa = PBXFileReference; fileEncoding = 4; lastKnownFileType = sourcecode.cpp.h; path = LocalGistClient.hpp; sourceTree = "<group>"; };
		"AC0EB90F-6449-46BE-8B52-6533AEE79DE9" /* 1efilter.hpp */ = {isa = PBXFileReference; fileEncoding = 4; lastKnownFileType = sourcecode.cpp.h; path = 1efilter.hpp; sourceTree = "<group>"; };
		"AC587760-D4F0-4583-9FAF-30A47A3B40D1" /* IpEndpointName.h */ = {isa = PBXFileReference; fileEncoding = 4; lastKnownFileType = sourcecode.cpp.h; path = IpEndpointName.h; sourceTree = "<group>"; };
		"ADCB383F-37CA-4F9E-87B2-6DEFA198156A" /* IpEndpointName.cpp */ = {isa = PBXFileReference; fileEncoding = 4; lastKnownFileType = sourcecode.cpp.cpp; path = IpEndpointName.cpp; sourceTree = "<group>"; };
		"AED53A4F-9038-4045-83FD-7593742E5176" /* ofxGist.h */ = {isa = PBXFileReference; fileEncoding = 4; lastKnownFileType = sourcecode.cpp.h; path = ofxGist.h; sourceTree = "<group>"; };
		"B3E94879-62F0-4895-9AE2-BD1B95BF4FFE" /* ofxMultiSoundPlayer.cpp */ = {isa = PBXFileReference; fileEncoding = 4; lastKnownFileType = sourcecode.cpp.cpp; path = ofxMultiSoundPlayer.cpp; sourceTree = "<group>"; };
		"B4629522-D733-40F5-965C-AF104F24B6B8" /* ofxNetwork.h */ = {isa = PBXFileReference; fileEncoding = 4; lastKnownFileType = sourcecode.cpp.h; path = ofxNetwork.h; sourceTree = "<group>"; };
		"B639EE71-075C-4999-B151-1FDDC28D3978" /* ofxSoundObjectBaseRenderer.h */ = {isa = PBXFileReference; fileEncoding = 4; lastKnownFileType = sourcecode.cpp.h; path = ofxSoundObjectBaseRenderer.h; sourceTree = "<group>"; };
		"BC283901-5AA5-4D5F-B302-02DD5FF0C9A8" /* ofxOscSender.h */ = {isa = PBXFileReference; fileEncoding = 4; lastKnownFileType = sourcecode.cpp.h; path = ofxOscSender.h; sourceTree = "<group>"; };
		"BD1312A8-42CF-4780-8C43-DB3399DF46ED" /* ofxUDPSettings.h */ = {isa = PBXFileReference; fileEncoding = 4; lastKnownFileType = sourcecode.cpp.h; path = ofxUDPSettings.h; sourceTree = "<group>"; };
		"BD4A1E45-522C-4143-B0EC-F7AC85CE1FD3" /* ofxOscBundle.h */ = {isa = PBXFileReference; fileEncoding = 4; lastKnownFileType = sourcecode.cpp.h; path = ofxOscBundle.h; sourceTree = "<group>"; };
		"BFF96B30-C058-4F76-A7B7-CD7F9156F989" /* ofxSoundUtils.cpp */ = {isa = PBXFileReference; fileEncoding = 4; lastKnownFileType = sourcecode.cpp.cpp; path = ofxSoundUtils.cpp; sourceTree = "<group>"; };
		"C26EE3E5-F061-42A0-81D5-7F8E3F12E9CD" /* ofxSoundRendererUtils.h */ = {isa = PBXFileReference; fileEncoding = 4; lastKnownFileType = sourcecode.cpp.h; path = ofxSoundRendererUtils.h; sourceTree = "<group>"; };
		"C42377B5-D1EC-4C83-95A8-173663864C3F" /* DigitalDelay.h */ = {isa = PBXFileReference; fileEncoding = 4; lastKnownFileType = sourcecode.cpp.h; path = DigitalDelay.h; sourceTree = "<group>"; };
		"C45BC9D4-4333-4AE3-84C0-80F2E4EADD48" /* ofxOscReceiver.h */ = {isa = PBXFileReference; fileEncoding = 4; lastKnownFileType = sourcecode.cpp.h; path = ofxOscReceiver.h; sourceTree = "<group>"; };
		"C5BCF2AE-7306-4CF4-B45B-64BA9BBE59D1" /* ofxSoundMixer.cpp */ = {isa = PBXFileReference; fileEncoding = 4; lastKnownFileType = sourcecode.cpp.cpp; path = ofxSoundMixer.cpp; sourceTree = "<group>"; };
		"C6A34B42-D5BD-4E64-8534-B3AD4945B62D" /* kiss_fft.h */ = {isa = PBXFileReference; fileEncoding = 4; lastKnownFileType = sourcecode.cpp.h; path = kiss_fft.h; sourceTree = "<group>"; };
		"C79354C4-1FD2-4428-ACCF-191BDF9710FD" /* OscPrintReceivedElements.h */ = {isa = PBXFileReference; fileEncoding = 4; lastKnownFileType = sourcecode.cpp.h; path = OscPrintReceivedElements.h; sourceTree = "<group>"; };
		"C8E13A86-A081-4B93-8477-86C5F557693F" /* ofxNetworkUtils.cpp */ = {isa = PBXFileReference; fileEncoding = 4; lastKnownFileType = sourcecode.cpp.cpp; path = ofxNetworkUtils.cpp; sourceTree = "<group>"; };
		"C8E19F8C-D70F-494E-9906-A637139BD866" /* ofxOscArg.h */ = {isa = PBXFileReference; fileEncoding = 4; lastKnownFileType = sourcecode.cpp.h; path = ofxOscArg.h; sourceTree = "<group>"; };
		"C919DD3B-9707-4043-8E78-0BEA20B6A13A" /* ofxSoundObjectMatrixMixerRenderer.h */ = {isa = PBXFileReference; fileEncoding = 4; lastKnownFileType = sourcecode.cpp.h; path = ofxSoundObjectMatrixMixerRenderer.h; sourceTree = "<group>"; };
		"CBE476AF-2F07-4060-806F-7978E3A69313" /* ofxNetworkUtils.h */ = {isa = PBXFileReference; fileEncoding = 4; lastKnownFileType = sourcecode.cpp.h; path = ofxNetworkUtils.h; sourceTree = "<group>"; };
		"D16FA8AF-02F6-4BE2-B178-A0DADD406681" /* ofxSoundMatrixMixer.h */ = {isa = PBXFileReference; fileEncoding = 4; lastKnownFileType = sourcecode.cpp.h; path = ofxSoundMatrixMixer.h; sourceTree = "<group>"; };
		"D26A1084-F399-48AA-851D-649F5F2AF8DF" /* ofxSomPalette.h */ = {isa = PBXFileReference; fileEncoding = 4; lastKnownFileType = sourcecode.cpp.h; path = ofxSomPalette.h; sourceTree = "<group>"; };
		"D3C3CFB7-84F8-4633-9C1E-AC32DEB508F8" /* kiss_fft.c */ = {isa = PBXFileReference; fileEncoding = 4; lastKnownFileType = sourcecode.cpp.c; path = kiss_fft.c; sourceTree = "<group>"; };
		"D4139536-D380-4087-AA07-06D825DC8754" /* SpectrumPlots.hpp */ = {isa = PBXFileReference; fileEncoding = 4; lastKnownFileType = sourcecode.cpp.h; path = SpectrumPlots.hpp; sourceTree = "<group>"; };
		"D466BB7D-B237-4D8F-8330-7C11B24FA64F" /* ChordDetector.h */ = {isa = PBXFileReference; fileEncoding = 4; lastKnownFileType = sourcecode.cpp.h; path = ChordDetector.h; sourceTree = "<group>"; };
		"D74BD701-6C92-46BF-89E8-D3CCF21FA786" /* Gist.h */ = {isa = PBXFileReference; fileEncoding = 4; lastKnownFileType = sourcecode.cpp.h; path = Gist.h; sourceTree = "<group>"; };
		"D75A9318-3098-4E37-9FC5-DBD0EB71E82E" /* ofxOscParameterSync.h */ = {isa = PBXFileReference; fileEncoding = 4; lastKnownFileType = sourcecode.cpp.h; path = ofxOscParameterSync.h; sourceTree = "<group>"; };
		"D75C3BEE-359B-483A-925F-5EA862809FB3" /* ofxUDPManager.cpp */ = {isa = PBXFileReference; fileEncoding = 4; lastKnownFileType = sourcecode.cpp.cpp; path = ofxUDPManager.cpp; sourceTree = "<group>"; };
		"D9AC5E87-9633-4A86-9C25-CFA35F68DD3F" /* ofxButton.cpp */ = {isa = PBXFileReference; fileEncoding = 4; lastKnownFileType = sourcecode.cpp.cpp; path = ofxButton.cpp; sourceTree = "<group>"; };
		"D9F01442-62BE-4872-B2E2-3F0DBAAF83F1" /* FileClient.cpp */ = {isa = PBXFileReference; fileEncoding = 4; lastKnownFileType = sourcecode.cpp.cpp; path = FileClient.cpp; sourceTree = "<group>"; };
		"DA2521DC-A718-4C4F-9206-70C236A8C8DB" /* LiveClient.cpp */ = {isa = PBXFileReference; fileEncoding = 4; lastKnownFileType = sourcecode.cpp.cpp; path = LiveClient.cpp; sourceTree = "<group>"; };
		"DA89A2A7-B36F-4F39-B25F-098137E0E7FB" /* TimerListener.h */ = {isa = PBXFileReference; fileEncoding = 4; lastKnownFileType = sourcecode.cpp.h; path = TimerListener.h; sourceTree = "<group>"; };
		"DC9271C3-AAA6-4D07-8AA6-00822C3E2B37" /* Processor.cpp */ = {isa = PBXFileReference; fileEncoding = 4; lastKnownFileType = sourcecode.cpp.cpp; path = Processor.cpp; sourceTree = "<group>"; };
		"DDD7097F-E77F-4FF6-8ACE-8E5B71438B77" /* ofxOscMessage.cpp */ = {isa = PBXFileReference; fileEncoding = 4; lastKnownFileType = sourcecode.cpp.cpp; path = ofxOscMessage.cpp; sourceTree = "<group>"; };
		"DEBABF10-487C-4666-ADFD-B2DD9D83A9D7" /* ofxSoundFile.h */ = {isa = PBXFileReference; fileEncoding = 4; lastKnownFileType = sourcecode.cpp.h; path = ofxSoundFile.h; sourceTree = "<group>"; };
		"DEDC9FE2-A646-4950-B059-689843380AEE" /* ofxTCPManager.cpp */ = {isa = PBXFileReference; fileEncoding = 4; lastKnownFileType = sourcecode.cpp.cpp; path = ofxTCPManager.cpp; sourceTree = "<group>"; };
		"DFCF7BD0-B13B-465E-A99F-2D590C6F25C5" /* ofxSlider.cpp */ = {isa = PBXFileReference; fileEncoding = 4; lastKnownFileType = sourcecode.cpp.cpp; path = ofxSlider.cpp; sourceTree = "<group>"; };
		"E001B6C8-5DA9-4BC8-ABEF-85DDED34508D" /* NetworkingUtils.h */ = {isa = PBXFileReference; fileEncoding = 4; lastKnownFileType = sourcecode.cpp.h; path = NetworkingUtils.h; sourceTree = "<group>"; };
		"E0B7DFF8-5EB5-481A-A627-8774B2929CE8" /* dr_flac.h */ = {isa = PBXFileReference; fileEncoding = 4; lastKnownFileType = sourcecode.cpp.h; path = dr_flac.h; sourceTree = "<group>"; };
		"E36704D6-CE83-42C3-A9C3-5B7A307BCEE3" /* ofxSoundObjectsConstants.h */ = {isa = PBXFileReference; fileEncoding = 4; lastKnownFileType = sourcecode.cpp.h; path = ofxSoundObjectsConstants.h; sourceTree = "<group>"; };
		"E3A8EA71-7102-4352-BD95-6E1C52EFD5A9" /* ofxSingleSoundPlayer.cpp */ = {isa = PBXFileReference; fileEncoding = 4; lastKnownFileType = sourcecode.cpp.cpp; path = ofxSingleSoundPlayer.cpp; sourceTree = "<group>"; };
		"E3F88B40-3374-4B2D-A0D4-AA3483C53C66" /* ofxSoundObjects.h */ = {isa = PBXFileReference; fileEncoding = 4; lastKnownFileType = sourcecode.cpp.h; path = ofxSoundObjects.h; sourceTree = "<group>"; };
		E4B69B5B0A3A1756003C02F2 /* example_ContinuousPalettesFromAudioDebug.app */ = {isa = PBXFileReference; explicitFileType = wrapper.application; includeInIndex = 0; path = example_ContinuousPalettesFromAudioDebug.app; sourceTree = BUILT_PRODUCTS_DIR; };
		E4B69E1D0A3A1BDC003C02F2 /* main.cpp */ = {isa = PBXFileReference; fileEncoding = 4; lastKnownFileType = sourcecode.cpp.cpp; name = main.cpp; path = src/main.cpp; sourceTree = SOURCE_ROOT; };
		E4B69E1E0A3A1BDC003C02F2 /* ofApp.cpp */ = {isa = PBXFileReference; explicitFileType = sourcecode.cpp.cpp; fileEncoding = 4; name = ofApp.cpp; path = src/ofApp.cpp; sourceTree = SOURCE_ROOT; };
		E4B69E1F0A3A1BDC003C02F2 /* ofApp.h */ = {isa = PBXFileReference; fileEncoding = 4; lastKnownFileType = sourcecode.c.h; name = ofApp.h; path = src/ofApp.h; sourceTree = SOURCE_ROOT; };
		E4B6FCAD0C3E899E008CF71C /* openFrameworks-Info.plist */ = {isa = PBXFileReference; fileEncoding = 4; lastKnownFileType = text.plist.xml; path = "openFrameworks-Info.plist"; sourceTree = "<group>"; };
		E4EB6923138AFD0F00A09F29 /* Project.xcconfig */ = {isa = PBXFileReference; fileEncoding = 4; lastKnownFileType = text.xcconfig; path = Project.xcconfig; sourceTree = "<group>"; };
		"E56847DA-8182-4891-A33E-D3CB813EA627" /* OscTypes.cpp */ = {isa = PBXFileReference; fileEncoding = 4; lastKnownFileType = sourcecode.cpp.cpp; path = OscTypes.cpp; sourceTree = "<group>"; };
		"E87D6AB9-04E0-4D06-8D9B-0277E11DBAAA" /* CoreTimeDomainFeatures.h */ = {isa = PBXFileReference; fileEncoding = 4; lastKnownFileType = sourcecode.cpp.h; path = CoreTimeDomainFeatures.h; sourceTree = "<group>"; };
		"E887A25F-D7A4-4EA1-9BF2-B061B1AC2696" /* ofxSoundObject.h */ = {isa = PBXFileReference; fileEncoding = 4; lastKnownFileType = sourcecode.cpp.h; path = ofxSoundObject.h; sourceTree = "<group>"; };
		"EB1A71B5-6C66-4932-B425-DE695A7C3674" /* ofxContinuousSomPalette.cpp */ = {isa = PBXFileReference; fileEncoding = 4; lastKnownFileType = sourcecode.cpp.cpp; path = ofxContinuousSomPalette.cpp; sourceTree = "<group>"; };
		"EDE77831-0BEC-4A78-9013-C0EF6F8424BE" /* ofxAudioAnalysisClient.h */ = {isa = PBXFileReference; fileEncoding = 4; lastKnownFileType = sourcecode.cpp.h; path = ofxAudioAnalysisClient.h; sourceTree = "<group>"; };
		"EFBC5533-80F9-44D1-B06D-431EF2242090" /* ofxSoundRecorderObject.cpp */ = {isa = PBXFileReference; fileEncoding = 4; lastKnownFileType = sourcecode.cpp.cpp; path = ofxSoundRecorderObject.cpp; sourceTree = "<group>"; };
		"F116AE83-2367-48CF-9071-85D6E5597D75" /* ofxSoundMultiplexer.cpp */ = {isa = PBXFileReference; fileEncoding = 4; lastKnownFileType = sourcecode.cpp.cpp; path = ofxSoundMultiplexer.cpp; sourceTree = "<group>"; };
		"F20BB075-858D-4AA0-9061-2D72C99D07CC" /* SpectrumPlots.cpp */ = {isa = PBXFileReference; fileEncoding = 4; lastKnownFileType = sourcecode.cpp.cpp; path = SpectrumPlots.cpp; sourceTree = "<group>"; };
		"F33255F1-63C4-48EF-A6B5-1753A1488BE5" /* FileClient.hpp */ = {isa = PBXFileReference; fileEncoding = 4; lastKnownFileType = sourcecode.cpp.h; path = FileClient.hpp; sourceTree = "<group>"; };
		"F413F214-CE53-426A-874D-7A85DF60666E" /* ofxOscParameterSync.cpp */ = {isa = PBXFileReference; fileEncoding = 4; lastKnownFileType = sourcecode.cpp.cpp; path = ofxOscParameterSync.cpp; sourceTree = "<group>"; };
		"F50538BA-080E-4400-B291-900E292D64CD" /* UdpSocket.h */ = {isa = PBXFileReference; fileEncoding = 4; lastKnownFileType = sourcecode.cpp.h; path = UdpSocket.h; sourceTree = "<group>"; };
		"F6446C20-DEEF-4028-92DF-A2CECF810BA0" /* BaseClient.hpp */ = {isa = PBXFileReference; fileEncoding = 4; lastKnownFileType = sourcecode.cpp.h; path = BaseClient.hpp; sourceTree = "<group>"; };
		"F77E84C8-FF06-41FF-8FD5-5BD23FB7807E" /* ofxUDPManager.h */ = {isa = PBXFileReference; fileEncoding = 4; lastKnownFileType = sourcecode.cpp.h; path = ofxUDPManager.h; sourceTree = "<group>"; };
		"FC2F9867-20B9-4B0A-97F5-E5D9A635ABF8" /* ofxSelfOrganizingMap.cpp */ = {isa = PBXFileReference; fileEncoding = 4; lastKnownFileType = sourcecode.cpp.cpp; path = ofxSelfOrganizingMap.cpp; sourceTree = "<group>"; };
		"FD1794C2-C63A-4391-B7A7-5340582C19BC" /* ofxBaseGui.h */ = {isa = PBXFileReference; fileEncoding = 4; lastKnownFileType = sourcecode.cpp.h; path = ofxBaseGui.h; sourceTree = "<group>"; };
		"FD5FA602-CE83-4EB0-8B7E-00677069A48B" /* ofxSoundPlayerObject.h */ = {isa = PBXFileReference; fileEncoding = 4; lastKnownFileType = sourcecode.cpp.h; path = ofxSoundPlayerObject.h; sourceTree = "<group>"; };
		"FDCE0A16-D182-452F-9BD4-D2D4600F0A74" /* CoreFrequencyDomainFeatures.h */ = {isa = PBXFileReference; fileEncoding = 4; lastKnownFileType = sourcecode.cpp.h; path = CoreFrequencyDomainFeatures.h; sourceTree = "<group>"; };
		"FF70BEF4-7BD9-4757-954D-4C3C954D362F" /* BaseClient.cpp */ = {isa = PBXFileReference; fileEncoding = 4; lastKnownFileType = sourcecode.cpp.cpp; path = BaseClient.cpp; sourceTree = "<group>"; };
/* End PBXFileReference section */

/* Begin PBXFrameworksBuildPhase section */
		E4B69B590A3A1756003C02F2 /* Frameworks */ = {
			isa = PBXFrameworksBuildPhase;
			buildActionMask = 2147483647;
			files = (
			);
			runOnlyForDeploymentPostprocessing = 0;
		};
/* End PBXFrameworksBuildPhase section */

/* Begin PBXGroup section */
		"008BD1CE-46F2-4C01-BC0B-E1D85B49EBC7" /* pitch */ = {
			isa = PBXGroup;
			children = (
				"4F0F3F26-4576-4724-9121-0DC4939F7E63" /* Yin.cpp */,
				"35176CEE-7431-414C-8854-535047D027B5" /* Yin.h */,
			);
			path = pitch;
			sourceTree = "<group>";
		};
		"038CA628-D89E-44C8-99D6-223C7D0C8BFB" /* Renderers */ = {
			isa = PBXGroup;
			children = (
				"8B468C9A-2EE7-464D-BE3F-5B2CE5138CD7" /* ofx2DCanvas.cpp */,
				"72864C8D-791A-4FB9-A57E-7196BF0A7B0B" /* ofx2DCanvas.h */,
				"74EB546C-B087-48C0-9EF3-DD8619FB43D0" /* ofxSlidersGrid.cpp */,
				"7E052DA4-B8C3-4ECB-818C-A2ECBCBC4663" /* ofxSlidersGrid.h */,
				"748620B8-6AEC-444D-8149-E3A3E95F8ED2" /* ofxSoundObjectBaseRenderer.cpp */,
				"B639EE71-075C-4999-B151-1FDDC28D3978" /* ofxSoundObjectBaseRenderer.h */,
				"0EA82575-1250-4F42-AC75-4624A9514670" /* ofxSoundObjectMatrixMixerRenderer.cpp */,
				"C919DD3B-9707-4043-8E78-0BEA20B6A13A" /* ofxSoundObjectMatrixMixerRenderer.h */,
				"C26EE3E5-F061-42A0-81D5-7F8E3F12E9CD" /* ofxSoundRendererUtils.h */,
			);
			path = Renderers;
			sourceTree = "<group>";
		};
		"14039A78-2190-4A59-8A57-B37F7FB28B2E" /* src */ = {
			isa = PBXGroup;
			children = (
				"EB1A71B5-6C66-4932-B425-DE695A7C3674" /* ofxContinuousSomPalette.cpp */,
				"595AF7B9-FB2C-4E04-8520-45267D91EA33" /* ofxContinuousSomPalette.hpp */,
				"53F19D60-49BB-40BC-8185-C5F2BC474F60" /* ofxSomPalette.cpp */,
				"D26A1084-F399-48AA-851D-649F5F2AF8DF" /* ofxSomPalette.h */,
			);
			path = src;
			sourceTree = "<group>";
		};
		"16DC06DC-C3D4-4749-A542-04A929DD03DA" /* ofxAudioData */ = {
			isa = PBXGroup;
			children = (
				"A4DC877F-302F-450B-A01F-0BEBC5515730" /* src */,
			);
			path = ofxAudioData;
			sourceTree = "<group>";
		};
		"1B6344A4-EC1E-4B52-99E6-D4E75A1B2212" /* src */ = {
			isa = PBXGroup;
			children = (
				"B4629522-D733-40F5-965C-AF104F24B6B8" /* ofxNetwork.h */,
				"C8E13A86-A081-4B93-8477-86C5F557693F" /* ofxNetworkUtils.cpp */,
				"CBE476AF-2F07-4060-806F-7978E3A69313" /* ofxNetworkUtils.h */,
				"48DF7984-2720-4F22-8EB1-FA650B626ECF" /* ofxTCPClient.cpp */,
				"5437C0EE-9C54-4BD5-A3F3-06F7AC4CD399" /* ofxTCPClient.h */,
				"DEDC9FE2-A646-4950-B059-689843380AEE" /* ofxTCPManager.cpp */,
				"93BDD032-FB1B-4480-B657-65149B819D63" /* ofxTCPManager.h */,
				"A99666B4-6010-4F59-930C-3F02FE1743BA" /* ofxTCPServer.cpp */,
				"54E90ED7-7C3C-474D-B340-1F08EA337450" /* ofxTCPServer.h */,
				"85F7D580-1E07-4BE2-86C8-5352DE6C3EE4" /* ofxTCPSettings.h */,
				"D75C3BEE-359B-483A-925F-5EA862809FB3" /* ofxUDPManager.cpp */,
				"F77E84C8-FF06-41FF-8FD5-5BD23FB7807E" /* ofxUDPManager.h */,
				"BD1312A8-42CF-4780-8C43-DB3399DF46ED" /* ofxUDPSettings.h */,
			);
			path = src;
			sourceTree = "<group>";
		};
		"2131C3EB-8C9B-492C-B653-5AA14DC70954" /* src */ = {
			isa = PBXGroup;
			children = (
				"55533A13-97BE-4156-9338-4A152D46FB8E" /* ip */,
				"EA9A042D-89B7-4D2F-B58C-61AA9864AC7A" /* osc */,
			);
			path = src;
			sourceTree = "<group>";
		};
		"33913AEB-5452-43BC-8F88-9918513B9F25" /* core */ = {
			isa = PBXGroup;
			children = (
				"1574C9D9-AE02-423F-9E13-FEDF8F3B0993" /* CoreFrequencyDomainFeatures.cpp */,
				"FDCE0A16-D182-452F-9BD4-D2D4600F0A74" /* CoreFrequencyDomainFeatures.h */,
				"574ADAE6-CE00-4956-9414-12E6460153F7" /* CoreTimeDomainFeatures.cpp */,
				"E87D6AB9-04E0-4D06-8D9B-0277E11DBAAA" /* CoreTimeDomainFeatures.h */,
			);
			path = core;
			sourceTree = "<group>";
		};
		"3EDC3D91-4CD7-4364-AD31-1DBAD7947724" /* kiss_fft130 */ = {
			isa = PBXGroup;
			children = (
				"4F0A3B3A-F50E-428A-BB75-3653CA46706B" /* _kiss_fft_guts.h */,
				"D3C3CFB7-84F8-4633-9C1E-AC32DEB508F8" /* kiss_fft.c */,
				"C6A34B42-D5BD-4E64-8534-B3AD4945B62D" /* kiss_fft.h */,
			);
			path = kiss_fft130;
			sourceTree = "<group>";
		};
		"4CABFE73-4FD9-4EAC-A8C8-8A4DBF5ECD52" /* ofxAudioFile */ = {
			isa = PBXGroup;
			children = (
				"D9CA1C00-AE8D-41D8-A835-030E7343EBE6" /* libs */,
				"66ABAA66-6D0B-46E5-8010-7383D69C64D9" /* src */,
			);
			path = ofxAudioFile;
			sourceTree = "<group>";
		};
		"55058E86-8492-4643-8E00-AB4A686D561A" /* src */ = {
			isa = PBXGroup;
			children = (
				"78B081D6-E521-481D-8310-8E2505502B1D" /* ofxHistoryPlot.cpp */,
				"97199ACE-0030-49B6-B293-B80CFFAA0792" /* ofxHistoryPlot.h */,
			);
			path = src;
			sourceTree = "<group>";
		};
		"55533A13-97BE-4156-9338-4A152D46FB8E" /* ip */ = {
			isa = PBXGroup;
			children = (
				"ADCB383F-37CA-4F9E-87B2-6DEFA198156A" /* IpEndpointName.cpp */,
				"AC587760-D4F0-4583-9FAF-30A47A3B40D1" /* IpEndpointName.h */,
				"E001B6C8-5DA9-4BC8-ABEF-85DDED34508D" /* NetworkingUtils.h */,
				"536A8744-7A2B-460C-8F0B-A48874675588" /* PacketListener.h */,
				"DA89A2A7-B36F-4F39-B25F-098137E0E7FB" /* TimerListener.h */,
				"F50538BA-080E-4400-B291-900E292D64CD" /* UdpSocket.h */,
				"B3E4E03B-0511-4F59-B036-01F761B75566" /* posix */,
			);
			path = ip;
			sourceTree = "<group>";
		};
		"5833521F-58E4-444A-93C0-4AD92BE70013" /* ofxGist */ = {
			isa = PBXGroup;
			children = (
				"8BF01FB4-7156-4585-A0B4-C45A2C948377" /* libs */,
				"58417D64-3983-4CDF-A169-9D04C30B3443" /* src */,
			);
			path = ofxGist;
			sourceTree = "<group>";
		};
		"58417D64-3983-4CDF-A169-9D04C30B3443" /* src */ = {
			isa = PBXGroup;
			children = (
				"492E60C4-BF57-455C-ADAA-0E0A975809D0" /* ofxGist.cpp */,
				"AED53A4F-9038-4045-83FD-7593742E5176" /* ofxGist.h */,
			);
			path = src;
			sourceTree = "<group>";
		};
		"5B424E11-360B-406D-933A-7B9C9EFA309F" /* src */ = {
			isa = PBXGroup;
			children = (
				"038CA628-D89E-44C8-99D6-223C7D0C8BFB" /* Renderers */,
				"8001423E-23F7-49D5-A8D9-D422ED9E637C" /* SoundObjects */,
				"B3E94879-62F0-4895-9AE2-BD1B95BF4FFE" /* ofxMultiSoundPlayer.cpp */,
				"3ABDCE2B-8C17-4A7B-ADAF-492499AA987D" /* ofxMultiSoundPlayer.h */,
				"E3A8EA71-7102-4352-BD95-6E1C52EFD5A9" /* ofxSingleSoundPlayer.cpp */,
				"81A96552-E47D-4EC7-8503-1332A51C6E28" /* ofxSingleSoundPlayer.h */,
				"1D191F24-BEC4-492B-9BA4-18A906C83C55" /* ofxSoundFile.cpp */,
				"DEBABF10-487C-4666-ADFD-B2DD9D83A9D7" /* ofxSoundFile.h */,
				"27EBE719-EDE8-4900-8F7B-9DE6A29CC9DC" /* ofxSoundMatrixMixer.cpp */,
				"D16FA8AF-02F6-4BE2-B178-A0DADD406681" /* ofxSoundMatrixMixer.h */,
				"C5BCF2AE-7306-4CF4-B45B-64BA9BBE59D1" /* ofxSoundMixer.cpp */,
				"13003E51-D6AC-45E9-AE72-6559DBB83B53" /* ofxSoundMixer.h */,
				"F116AE83-2367-48CF-9071-85D6E5597D75" /* ofxSoundMultiplexer.cpp */,
				"300A84A4-6F0B-4114-8FB7-802FBC09656D" /* ofxSoundMultiplexer.h */,
				"11394DD3-3C03-4A10-A8F0-604AF950E441" /* ofxSoundObject.cpp */,
				"E887A25F-D7A4-4EA1-9BF2-B061B1AC2696" /* ofxSoundObject.h */,
				"E3F88B40-3374-4B2D-A0D4-AA3483C53C66" /* ofxSoundObjects.h */,
				"E36704D6-CE83-42C3-A9C3-5B7A307BCEE3" /* ofxSoundObjectsConstants.h */,
				"FD5FA602-CE83-4EB0-8B7E-00677069A48B" /* ofxSoundPlayerObject.h */,
				"EFBC5533-80F9-44D1-B06D-431EF2242090" /* ofxSoundRecorderObject.cpp */,
				"6B873B8B-EDDC-4E7A-B94C-E1E63E4848BA" /* ofxSoundRecorderObject.h */,
				"811CBF01-17A4-4481-AB1A-A5E3E8451AF7" /* ofxSoundSpliter.cpp */,
				"168653E1-EC77-499B-9908-549BC8663477" /* ofxSoundSpliter.h */,
				"BFF96B30-C058-4F76-A7B7-CD7F9156F989" /* ofxSoundUtils.cpp */,
				"08BBD74A-6ACF-4B5F-9F97-4DEC0BF8D36C" /* ofxSoundUtils.h */,
			);
			path = src;
			sourceTree = "<group>";
		};
		"5B9E1143-A91E-4033-8AD1-EF2622C19F66" /* libs */ = {
			isa = PBXGroup;
			children = (
				"9D71BCAC-B6AD-4FD2-AE03-81307EDB3961" /* oscpack */,
			);
			path = libs;
			sourceTree = "<group>";
		};
		"5FCFCA3D-C2E8-4B25-968C-E188CFD5722C" /* ofxSoundObjects */ = {
			isa = PBXGroup;
			children = (
				"5B424E11-360B-406D-933A-7B9C9EFA309F" /* src */,
			);
			path = ofxSoundObjects;
			sourceTree = "<group>";
		};
		"61555FCD-7D28-4C6A-90BF-8A8828A300F2" /* onset-detection-functions */ = {
			isa = PBXGroup;
			children = (
				"088CC312-C16B-4391-A356-D3A7B5D76FF6" /* OnsetDetectionFunction.cpp */,
				"4D0E9AF0-7789-4651-8CF7-787BBD7EDFCF" /* OnsetDetectionFunction.h */,
			);
			path = "onset-detection-functions";
			sourceTree = "<group>";
		};
		"66ABAA66-6D0B-46E5-8010-7383D69C64D9" /* src */ = {
			isa = PBXGroup;
			children = (
				"A2DD1950-FCC8-4F6D-85A4-E78EE75B2E36" /* ofxAudioFile.cpp */,
				"584A368D-2586-456F-B968-DE44E2835B42" /* ofxAudioFile.h */,
			);
			path = src;
			sourceTree = "<group>";
		};
		"684F5825-F84E-4A69-AC3D-7964043B2C43" /* ofxNetwork */ = {
			isa = PBXGroup;
			children = (
				"1B6344A4-EC1E-4B52-99E6-D4E75A1B2212" /* src */,
			);
			path = ofxNetwork;
			sourceTree = "<group>";
		};
		"79F4D0DB-3B8E-43F8-BE04-7396A4443277" /* ofxAudioAnalysisClient */ = {
			isa = PBXGroup;
			children = (
				"ACA1F142-D403-4A2F-BFD8-73493C032046" /* src */,
			);
			path = ofxAudioAnalysisClient;
			sourceTree = "<group>";
		};
		"8001423E-23F7-49D5-A8D9-D422ED9E637C" /* SoundObjects */ = {
			isa = PBXGroup;
			children = (
				"C42377B5-D1EC-4C83-95A8-173663864C3F" /* DigitalDelay.h */,
				"49C5CCA5-294A-4DCC-BA73-779ACB3F14DB" /* LowPassFilter.h */,
				"500D6BB8-105E-409E-BDD5-6D0E13F93BF4" /* NoiseGenerator.h */,
				"09121032-205B-492C-B3ED-308D693D0101" /* NullOutput.h */,
				"80A302BC-92E8-4C69-B595-D6E68D769546" /* Panner.cpp */,
				"A43BE8E7-93BE-444C-983D-DE31308FB51C" /* Panner.h */,
				"9BC7D14D-10D5-4EC2-ACAB-C9EF19507661" /* SineWaveGenerator.h */,
				"29ABB0B7-F987-4593-B384-2382B9BF5591" /* VUMeter.cpp */,
				"1E804E14-97BF-46E8-B5F9-97F5ACCF8E82" /* VUMeter.h */,
				"5902F904-FA9C-4015-9301-AC4139299229" /* waveformDraw.cpp */,
				"590AFD78-746C-4090-8B84-5DEF4C963844" /* waveformDraw.h */,
			);
			path = SoundObjects;
			sourceTree = "<group>";
		};
		"81CC3E6B-0287-4AD8-9E1D-308899041DEF" /* ofxOsc */ = {
			isa = PBXGroup;
			children = (
				"5B9E1143-A91E-4033-8AD1-EF2622C19F66" /* libs */,
				"CAEFF1F5-B502-42DF-9A53-BE2B7C829B72" /* src */,
			);
			path = ofxOsc;
			sourceTree = "<group>";
		};
		"8479904A-3817-485F-AFC7-2F3B69924EA5" /* ofxSomPalette */ = {
			isa = PBXGroup;
			children = (
				"14039A78-2190-4A59-8A57-B37F7FB28B2E" /* src */,
			);
			path = ofxSomPalette;
			sourceTree = "<group>";
		};
		"8BF01FB4-7156-4585-A0B4-C45A2C948377" /* libs */ = {
			isa = PBXGroup;
			children = (
				"ED25415C-CD2A-4CBC-BBCD-ABE17A1D84E0" /* Gist */,
				"D580F6DF-0CF2-48F5-9F04-ABF67937FF8D" /* Stark-Plumbley */,
				"3EDC3D91-4CD7-4364-AD31-1DBAD7947724" /* kiss_fft130 */,
			);
			path = libs;
			sourceTree = "<group>";
		};
		"9D71BCAC-B6AD-4FD2-AE03-81307EDB3961" /* oscpack */ = {
			isa = PBXGroup;
			children = (
				"2131C3EB-8C9B-492C-B653-5AA14DC70954" /* src */,
			);
			path = oscpack;
			sourceTree = "<group>";
		};
		"A4DC877F-302F-450B-A01F-0BEBC5515730" /* src */ = {
			isa = PBXGroup;
			children = (
				"AC0EB90F-6449-46BE-8B52-6533AEE79DE9" /* 1efilter.hpp */,
				"95977062-C91E-415A-8F9F-00AC26E57A66" /* Plots.cpp */,
				"72B25351-DB2D-425C-AAEF-0ED953A7FF75" /* Plots.hpp */,
				"DC9271C3-AAA6-4D07-8AA6-00822C3E2B37" /* Processor.cpp */,
				"71B9A325-3C7E-4C17-9B1A-106BDC67730C" /* Processor.hpp */,
				"F20BB075-858D-4AA0-9061-2D72C99D07CC" /* SpectrumPlots.cpp */,
				"D4139536-D380-4087-AA07-06D825DC8754" /* SpectrumPlots.hpp */,
				"5CCA2D6D-85A8-4FF0-A206-C030E1313B44" /* ofxAudioData.h */,
			);
			path = src;
			sourceTree = "<group>";
		};
		"A83B1187-6728-4852-8013-606B6ED9DE45" /* src */ = {
			isa = PBXGroup;
			children = (
				"29340DB8-3B3E-4ADB-85DB-8A089070EB68" /* ofxBaseGui.cpp */,
				"FD1794C2-C63A-4391-B7A7-5340582C19BC" /* ofxBaseGui.h */,
				"D9AC5E87-9633-4A86-9C25-CFA35F68DD3F" /* ofxButton.cpp */,
				"5FEDB47E-A182-485C-810F-D7DB0CCA39B9" /* ofxButton.h */,
				"5E8F8A84-EC07-45FD-9A0D-E3A33CF9B41A" /* ofxColorPicker.cpp */,
				"8BE77CA4-3DF7-40D1-8AA8-936D3754919A" /* ofxColorPicker.h */,
				"5EC81948-05F1-46EC-97C4-080835AF929A" /* ofxGui.h */,
				"15AE636F-BF67-4F51-A0AF-49AFAC2274AB" /* ofxGuiGroup.cpp */,
				"64EEA66A-946F-4409-81EE-EBD0E3152539" /* ofxGuiGroup.h */,
				"6417C0D1-22F8-4A34-BD7C-731D97A98A4E" /* ofxGuiUtils.h */,
				"74C67B2D-640E-46F4-950A-34DE02754D8C" /* ofxInputField.cpp */,
				"58DC92A1-C4D5-4666-9F03-0BA9A71F862D" /* ofxInputField.h */,
				"33ECAB4B-ABBA-42E7-ADAF-B0EAE29445B6" /* ofxLabel.cpp */,
				"73F62C66-503A-4ABB-9AC0-B1EFC32D5813" /* ofxLabel.h */,
				"768D2020-1C3F-4AED-9418-B53A22640911" /* ofxPanel.cpp */,
				"4D8D3E35-122A-450D-BEAF-F0050367086D" /* ofxPanel.h */,
				"DFCF7BD0-B13B-465E-A99F-2D590C6F25C5" /* ofxSlider.cpp */,
				"7B89268C-C9D8-4208-9EA3-CED89FE958F1" /* ofxSlider.h */,
				"03FA2440-669F-4C53-B945-FFC06601CBE3" /* ofxSliderGroup.cpp */,
				"525354EE-ED5E-4A61-8183-ADF665496E1F" /* ofxSliderGroup.h */,
				"5A34E7F8-B444-4A73-AD46-777941C0FF9F" /* ofxToggle.cpp */,
				"99C92137-1912-4DB4-B036-623E5CF778D9" /* ofxToggle.h */,
			);
			path = src;
			sourceTree = "<group>";
		};
		"AB3034AA-FD35-4DB2-B6DC-DC12C7524441" /* ofxHistoryPlot */ = {
			isa = PBXGroup;
			children = (
				"55058E86-8492-4643-8E00-AB4A686D561A" /* src */,
			);
			path = ofxHistoryPlot;
			sourceTree = "<group>";
		};
		"ACA1F142-D403-4A2F-BFD8-73493C032046" /* src */ = {
			isa = PBXGroup;
			children = (
				"FF70BEF4-7BD9-4757-954D-4C3C954D362F" /* BaseClient.cpp */,
				"F6446C20-DEEF-4028-92DF-A2CECF810BA0" /* BaseClient.hpp */,
				"D9F01442-62BE-4872-B2E2-3F0DBAAF83F1" /* FileClient.cpp */,
				"F33255F1-63C4-48EF-A6B5-1753A1488BE5" /* FileClient.hpp */,
				"DA2521DC-A718-4C4F-9206-70C236A8C8DB" /* LiveClient.cpp */,
				"9C79BAD4-CEBB-432D-8CD5-992065F87E04" /* LiveClient.hpp */,
				"262E26D1-CA5C-4CF7-95CE-F791E1EC94B0" /* LocalGistClient.cpp */,
				"AB07FF83-4BE4-44EB-BDE4-6EA9A046FFCC" /* LocalGistClient.hpp */,
				"EDE77831-0BEC-4A78-9013-C0EF6F8424BE" /* ofxAudioAnalysisClient.h */,
			);
			path = src;
			sourceTree = "<group>";
		};
		"ACE5BBFC-1F80-425F-A786-EFE326099A9B" /* src */ = {
			isa = PBXGroup;
			children = (
				"FC2F9867-20B9-4B0A-97F5-E5D9A635ABF8" /* ofxSelfOrganizingMap.cpp */,
				"A8126330-B75D-4558-A1E8-DCD44BE05579" /* ofxSelfOrganizingMap.h */,
			);
			path = src;
			sourceTree = "<group>";
		};
		"AD6EB286-3177-426E-81C6-C7BC5B030ECB" /* ofxGui */ = {
			isa = PBXGroup;
			children = (
				"A83B1187-6728-4852-8013-606B6ED9DE45" /* src */,
			);
			path = ofxGui;
			sourceTree = "<group>";
		};
		"B3E4E03B-0511-4F59-B036-01F761B75566" /* posix */ = {
			isa = PBXGroup;
			children = (
				"01A37306-9AD1-43AA-82FE-6CFFEB3E6E8C" /* NetworkingUtils.cpp */,
				"5404D898-66EC-4309-A2AE-0FB115325CDD" /* UdpSocket.cpp */,
			);
			path = posix;
			sourceTree = "<group>";
		};
		BB4B014C10F69532006C3DED /* addons */ = {
			isa = PBXGroup;
			children = (
				"684F5825-F84E-4A69-AC3D-7964043B2C43" /* ofxNetwork */,
				"81CC3E6B-0287-4AD8-9E1D-308899041DEF" /* ofxOsc */,
				"AB3034AA-FD35-4DB2-B6DC-DC12C7524441" /* ofxHistoryPlot */,
				"5833521F-58E4-444A-93C0-4AD92BE70013" /* ofxGist */,
				"4CABFE73-4FD9-4EAC-A8C8-8A4DBF5ECD52" /* ofxAudioFile */,
				"AD6EB286-3177-426E-81C6-C7BC5B030ECB" /* ofxGui */,
				"5FCFCA3D-C2E8-4B25-968C-E188CFD5722C" /* ofxSoundObjects */,
				"79F4D0DB-3B8E-43F8-BE04-7396A4443277" /* ofxAudioAnalysisClient */,
				"16DC06DC-C3D4-4749-A542-04A929DD03DA" /* ofxAudioData */,
				"E570E474-B38A-48B7-B586-8CF11A53D2E3" /* ofxSelfOrganizingMap */,
				"8479904A-3817-485F-AFC7-2F3B69924EA5" /* ofxSomPalette */,
			);
			name = addons;
			path = ../../../addons;
			sourceTree = SOURCE_ROOT;
		};
		"C280DB04-D3C4-4C79-BE9D-D62D948AF499" /* mfcc */ = {
			isa = PBXGroup;
			children = (
				"A2E8E419-6B3D-4BAD-BF52-EB4C2189B2C3" /* MFCC.cpp */,
				"3586643B-7540-461D-B3DB-1454E935E562" /* MFCC.h */,
			);
			path = mfcc;
			sourceTree = "<group>";
		};
		"CAEFF1F5-B502-42DF-9A53-BE2B7C829B72" /* src */ = {
			isa = PBXGroup;
			children = (
				"95D14B7B-3E13-438B-A2EC-2CC5010734E8" /* ofxOsc.h */,
				"C8E19F8C-D70F-494E-9906-A637139BD866" /* ofxOscArg.h */,
				"3AE9B12A-4591-4BE7-8FBE-897FC810280B" /* ofxOscBundle.cpp */,
				"BD4A1E45-522C-4143-B0EC-F7AC85CE1FD3" /* ofxOscBundle.h */,
				"DDD7097F-E77F-4FF6-8ACE-8E5B71438B77" /* ofxOscMessage.cpp */,
				"728AE95C-947D-4D04-B9E0-9A881DE50105" /* ofxOscMessage.h */,
				"F413F214-CE53-426A-874D-7A85DF60666E" /* ofxOscParameterSync.cpp */,
				"D75A9318-3098-4E37-9FC5-DBD0EB71E82E" /* ofxOscParameterSync.h */,
				"012FFBFD-B3CF-4F51-B529-CA77919C7AB3" /* ofxOscReceiver.cpp */,
				"C45BC9D4-4333-4AE3-84C0-80F2E4EADD48" /* ofxOscReceiver.h */,
				"97547082-6F56-4006-9A15-94EC89B8889A" /* ofxOscSender.cpp */,
				"BC283901-5AA5-4D5F-B302-02DD5FF0C9A8" /* ofxOscSender.h */,
			);
			path = src;
			sourceTree = "<group>";
		};
		"D4EA0736-8ADB-456D-BDD6-C2051B7EDE1C" /* src */ = {
			isa = PBXGroup;
			children = (
				"D74BD701-6C92-46BF-89E8-D3CCF21FA786" /* Gist.h */,
				"33913AEB-5452-43BC-8F88-9918513B9F25" /* core */,
				"C280DB04-D3C4-4C79-BE9D-D62D948AF499" /* mfcc */,
				"61555FCD-7D28-4C6A-90BF-8A8828A300F2" /* onset-detection-functions */,
				"008BD1CE-46F2-4C01-BC0B-E1D85B49EBC7" /* pitch */,
			);
			path = src;
			sourceTree = "<group>";
		};
		"D580F6DF-0CF2-48F5-9F04-ABF67937FF8D" /* Stark-Plumbley */ = {
			isa = PBXGroup;
			children = (
				"7DF84226-B3A0-4D5E-B0B2-3E8D8BBAC651" /* ChordDetector.cpp */,
				"D466BB7D-B237-4D8F-8330-7C11B24FA64F" /* ChordDetector.h */,
				"49448957-52A3-4C45-A24C-CE34D1876A7F" /* Chromagram.cpp */,
				"14FF6200-7510-440C-A76A-80CF3C206F94" /* Chromagram.h */,
			);
			path = "Stark-Plumbley";
			sourceTree = "<group>";
		};
		"D9CA1C00-AE8D-41D8-A835-030E7343EBE6" /* libs */ = {
			isa = PBXGroup;
			children = (
				"E0B7DFF8-5EB5-481A-A627-8774B2929CE8" /* dr_flac.h */,
				"2B974D48-140D-4EBD-A092-AA54C9DA4814" /* dr_mp3.h */,
				"84068EF1-EAEB-48F9-A915-6959EC65673D" /* dr_wav.h */,
				"85900A0E-EF01-4C0F-BF09-4DF18BBF02A7" /* stb_vorbis.h */,
			);
			path = libs;
			sourceTree = "<group>";
		};
		E4B69B4A0A3A1720003C02F2 = {
			isa = PBXGroup;
			children = (
				191CD6FA2847E21E0085CBB6 /* of.entitlements */,
				E4B6FCAD0C3E899E008CF71C /* openFrameworks-Info.plist */,
				E4EB6923138AFD0F00A09F29 /* Project.xcconfig */,
				E4B69E1C0A3A1BDC003C02F2 /* src */,
				191EF70929D778A400F35F26 /* openFrameworks */,
				BB4B014C10F69532006C3DED /* addons */,
				E4B69B5B0A3A1756003C02F2 /* example_ContinuousPalettesFromAudioDebug.app */,
				"11B21D48-5A6E-4D90-8E34-1FDD15E163A4" /* data */,
			);
			sourceTree = "<group>";
		};
		E4B69E1C0A3A1BDC003C02F2 /* src */ = {
			isa = PBXGroup;
			children = (
				E4B69E1D0A3A1BDC003C02F2 /* main.cpp */,
				E4B69E1E0A3A1BDC003C02F2 /* ofApp.cpp */,
				E4B69E1F0A3A1BDC003C02F2 /* ofApp.h */,
			);
			path = src;
			sourceTree = SOURCE_ROOT;
		};
		"E570E474-B38A-48B7-B586-8CF11A53D2E3" /* ofxSelfOrganizingMap */ = {
			isa = PBXGroup;
			children = (
				"ACE5BBFC-1F80-425F-A786-EFE326099A9B" /* src */,
			);
			path = ofxSelfOrganizingMap;
			sourceTree = "<group>";
		};
		"EA9A042D-89B7-4D2F-B58C-61AA9864AC7A" /* osc */ = {
			isa = PBXGroup;
			children = (
				"0D515696-EC62-4D49-B78E-6F64B8796D5D" /* MessageMappingOscPacketListener.h */,
				"85E89EA8-8F37-4C02-A6F3-FEDBBA79BC15" /* OscException.h */,
				"458539DE-31EB-46A8-8029-C6F628099EC3" /* OscHostEndianness.h */,
				"98E5EA90-0659-40EC-92C3-B19415FE7E0F" /* OscOutboundPacketStream.cpp */,
				"686CB043-A656-40FE-9EF8-66D0A13D383A" /* OscOutboundPacketStream.h */,
				"19FB9264-3B11-4D13-A190-399EEF618720" /* OscPacketListener.h */,
				"14475B37-73AC-49E1-8834-BDCA3E454030" /* OscPrintReceivedElements.cpp */,
				"C79354C4-1FD2-4428-ACCF-191BDF9710FD" /* OscPrintReceivedElements.h */,
				"1F0D5901-20F2-4F3C-9014-BA2E25139F10" /* OscReceivedElements.cpp */,
				"1540F5AC-8F42-4E05-875E-368465678772" /* OscReceivedElements.h */,
				"E56847DA-8182-4891-A33E-D3CB813EA627" /* OscTypes.cpp */,
				"58EB026E-B3BC-4BB4-89D4-A358B845322A" /* OscTypes.h */,
			);
			path = osc;
			sourceTree = "<group>";
		};
		"ED25415C-CD2A-4CBC-BBCD-ABE17A1D84E0" /* Gist */ = {
			isa = PBXGroup;
			children = (
				"D4EA0736-8ADB-456D-BDD6-C2051B7EDE1C" /* src */,
			);
			path = Gist;
			sourceTree = "<group>";
		};
/* End PBXGroup section */

/* Begin PBXNativeTarget section */
		E4B69B5A0A3A1756003C02F2 /* example_ContinuousPalettesFromAudio */ = {
			isa = PBXNativeTarget;
			buildConfigurationList = E4B69B5F0A3A1757003C02F2 /* Build configuration list for PBXNativeTarget "example_ContinuousPalettesFromAudio" */;
			buildPhases = (
				E42962A92163ECCD00A6A9E2 /* Run Script — Compile OF */,
				E4B69B580A3A1756003C02F2 /* Sources */,
				E4B69B590A3A1756003C02F2 /* Frameworks */,
				E4C2427710CC5ABF004149E2 /* CopyFiles */,
				E4A5B60F29BAAAE400C2D356 /* CopyFiles */,
				19B789C429E5AB4A0082E9B8 /* ShellScript */,
			);
			buildRules = (
			);
			dependencies = (
			);
			name = example_ContinuousPalettesFromAudio;
			productName = myOFApp;
			productReference = E4B69B5B0A3A1756003C02F2 /* example_ContinuousPalettesFromAudioDebug.app */;
			productType = "com.apple.product-type.application";
		};
/* End PBXNativeTarget section */

/* Begin PBXProject section */
		E4B69B4C0A3A1720003C02F2 /* Project object */ = {
			isa = PBXProject;
			attributes = {
				BuildIndependentTargetsInParallel = YES;
				LastUpgradeCheck = 1640;
			};
			buildConfigurationList = E4B69B4D0A3A1720003C02F2 /* Build configuration list for PBXProject "example_ContinuousPalettesFromAudio" */;
			compatibilityVersion = "Xcode 3.2";
			developmentRegion = en;
			hasScannedForEncodings = 0;
			knownRegions = (
				en,
				Base,
			);
			mainGroup = E4B69B4A0A3A1720003C02F2;
			productRefGroup = E4B69B4A0A3A1720003C02F2;
			projectDirPath = "";
			projectRoot = "";
			targets = (
				E4B69B5A0A3A1756003C02F2 /* example_ContinuousPalettesFromAudio */,
			);
		};
/* End PBXProject section */

/* Begin PBXShellScriptBuildPhase section */
		19B789C429E5AB4A0082E9B8 /* ShellScript */ = {
			isa = PBXShellScriptBuildPhase;
			alwaysOutOfDate = 1;
			buildActionMask = 2147483647;
			files = (
			);
			inputFileListPaths = (
			);
			inputPaths = (
			);
			outputFileListPaths = (
			);
			outputPaths = (
			);
			runOnlyForDeploymentPostprocessing = 0;
			shellPath = /bin/sh;
			shellScript = "\"$OF_PATH/scripts/osx/xcode_project.sh\"\n";
			showEnvVarsInLog = 0;
		};
		E42962A92163ECCD00A6A9E2 /* Run Script — Compile OF */ = {
			isa = PBXShellScriptBuildPhase;
			alwaysOutOfDate = 1;
			buildActionMask = 2147483647;
			files = (
			);
			inputPaths = (
			);
			name = "Run Script — Compile OF";
			outputPaths = (
			);
			runOnlyForDeploymentPostprocessing = 0;
			shellPath = /bin/sh;
			shellScript = "$OF_CORE_BUILD_COMMAND\n";
			showEnvVarsInLog = 0;
		};
/* End PBXShellScriptBuildPhase section */

/* Begin PBXSourcesBuildPhase section */
		E4B69B580A3A1756003C02F2 /* Sources */ = {
			isa = PBXSourcesBuildPhase;
			buildActionMask = 2147483647;
			files = (
				E4B69E200A3A1BDC003C02F2 /* main.cpp in Sources */,
				E4B69E210A3A1BDC003C02F2 /* ofApp.cpp in Sources */,
				"E3CDB930-E235-49D8-8AD2-90813BB4A48F" /* ofxNetworkUtils.cpp in Sources */,
				"0FCC06B2-DB41-4AFE-8844-4D3ACD7A6AEF" /* ofxTCPClient.cpp in Sources */,
				"1B0B6856-F876-49E3-8730-D839B4EDD6FF" /* ofxTCPManager.cpp in Sources */,
				"B3B601A5-638D-4584-A9CE-214F807EA4CB" /* ofxTCPServer.cpp in Sources */,
				"12857282-12C7-4088-8D8F-A86AD0311557" /* ofxUDPManager.cpp in Sources */,
				"F8D209D0-75AD-43C2-BCCF-02CB0B7D8015" /* IpEndpointName.cpp in Sources */,
				"88A3319C-A8C6-4C8B-9FFF-D3FAD7C49150" /* NetworkingUtils.cpp in Sources */,
				"BC144E8C-66E8-440F-B25C-06C81D8C56E6" /* UdpSocket.cpp in Sources */,
				"A51BBAB6-1DAE-4B18-B9EA-138A9475738A" /* OscOutboundPacketStream.cpp in Sources */,
				"F1796997-5CA9-4F26-8E01-4A1BFEFC2331" /* OscPrintReceivedElements.cpp in Sources */,
				"F2FC3133-1333-4204-B3F0-D963F10CB97B" /* OscReceivedElements.cpp in Sources */,
				"2625BCA7-E68F-492D-935E-6E2022A98870" /* OscTypes.cpp in Sources */,
				"83CE6BAA-BB2B-494B-853A-1670069E7841" /* ofxOscBundle.cpp in Sources */,
				"DFE595B5-0D5B-4060-8002-11F1F9BCE768" /* ofxOscMessage.cpp in Sources */,
				"4EB18279-72D2-4D71-9BCE-08F5540170F9" /* ofxOscParameterSync.cpp in Sources */,
				"3781195D-2B3D-47BD-8AF7-6301DFE78C28" /* ofxOscReceiver.cpp in Sources */,
				"68C0AB2B-F1A9-44B5-8F7D-EAE65734BAE9" /* ofxOscSender.cpp in Sources */,
				"E3DEF8B6-DA62-43D5-AADE-8B43D955460D" /* ofxHistoryPlot.cpp in Sources */,
				"FFF582F5-141C-465D-A0D2-6658BAAD0A3E" /* CoreFrequencyDomainFeatures.cpp in Sources */,
				"B4AD1658-AD18-46A2-BD11-F756D31AEAC5" /* CoreTimeDomainFeatures.cpp in Sources */,
				"A2246894-195B-407F-B132-BAC16454CC61" /* MFCC.cpp in Sources */,
				"09C2C36B-5B57-4C62-BD0B-488019EBCA8A" /* OnsetDetectionFunction.cpp in Sources */,
				"D7C6589E-0581-4179-9979-4A61A23F51CC" /* Yin.cpp in Sources */,
				"505E4362-5811-43C3-A535-ADE194EA0A4D" /* ChordDetector.cpp in Sources */,
				"0109B2D5-3E80-4C46-B0E2-042E784FC866" /* Chromagram.cpp in Sources */,
				"8E65CC60-4FC5-4918-B6B3-1746573C3930" /* kiss_fft.c in Sources */,
				"603D3667-67C5-48C8-B4CD-32E0B234F9D7" /* ofxGist.cpp in Sources */,
				"FAF1B336-1BD9-40E4-82FA-7CE4F78BF5C6" /* ofxAudioFile.cpp in Sources */,
				"46C8D359-03C9-43A4-94A2-B04A29DFA4E1" /* ofxBaseGui.cpp in Sources */,
				"8C93B7B5-6A1F-4AA9-BE68-421CC9561E15" /* ofxButton.cpp in Sources */,
				"F02D1FBD-01EB-4040-8D42-E04B78BDB851" /* ofxColorPicker.cpp in Sources */,
				"16EFAD33-C4FF-4D61-B6B5-3CBA6EBEC920" /* ofxGuiGroup.cpp in Sources */,
				"82B36A57-64DD-45D9-83F5-D8D0EB9DB392" /* ofxInputField.cpp in Sources */,
				"7F990E2A-C258-4DF3-9F8E-C4C5274C5B59" /* ofxLabel.cpp in Sources */,
				"C11BE62D-60D8-405F-B455-30478DC1B1EA" /* ofxPanel.cpp in Sources */,
				"A04CA464-FBCA-43A1-A571-EB05DDA3EB8A" /* ofxSlider.cpp in Sources */,
				"DA4FEEC7-865E-4E06-ADC4-5B3BECAD237D" /* ofxSliderGroup.cpp in Sources */,
				"96CFF07C-20C5-48BC-B017-CB018F570C33" /* ofxToggle.cpp in Sources */,
				"497B63CA-DC8A-4405-B345-881E95AAED92" /* ofx2DCanvas.cpp in Sources */,
				"7802B3D5-88F7-491F-B9F8-41B9BA691F66" /* ofxSlidersGrid.cpp in Sources */,
				"F712D1BB-D225-4C7E-AFAC-0B5DAAD9F226" /* ofxSoundObjectBaseRenderer.cpp in Sources */,
				"17B30ECB-30DC-4ADC-B49A-6A8BC9341364" /* ofxSoundObjectMatrixMixerRenderer.cpp in Sources */,
				"DB75DAE5-AA79-418B-8D0C-8340715ED9CC" /* Panner.cpp in Sources */,
				"96EBD2A7-D9C9-498F-B30A-0A83253201A5" /* VUMeter.cpp in Sources */,
				"BE5D563F-AB04-439D-903B-C62BAB495984" /* waveformDraw.cpp in Sources */,
				"410D2BFA-4EAE-4FEE-974A-EFA0338473AC" /* ofxMultiSoundPlayer.cpp in Sources */,
				"018A5D16-4439-4E50-99DC-CA048B81D83B" /* ofxSingleSoundPlayer.cpp in Sources */,
				"FB82E1B7-1005-4F45-9A6E-1CFA273C6354" /* ofxSoundFile.cpp in Sources */,
				"17EAE3CF-0DCA-4F1C-953B-C763A5129CA1" /* ofxSoundMatrixMixer.cpp in Sources */,
				"D5245C32-EDC4-4216-8D12-0169CC6ABE01" /* ofxSoundMixer.cpp in Sources */,
				"F2DB8F01-A7A7-4B89-95C4-D7F3992F5F6F" /* ofxSoundMultiplexer.cpp in Sources */,
				"BB7B8CF8-824B-4D18-8FF9-210D5C6E1415" /* ofxSoundObject.cpp in Sources */,
				"C08EEF5C-8F1D-4992-85E2-5E8F0E10FF55" /* ofxSoundRecorderObject.cpp in Sources */,
				"0B14B812-F709-4380-9529-88B2AFEC92CC" /* ofxSoundSpliter.cpp in Sources */,
				"54645424-6175-4B59-AD84-337813D239A6" /* ofxSoundUtils.cpp in Sources */,
				"F7683AE0-99A6-4DA6-8EEE-F108F8A9F4C2" /* BaseClient.cpp in Sources */,
				"B0C4BB8C-5545-40B7-81DD-6C0891EF9C2F" /* FileClient.cpp in Sources */,
				"F953BC6F-C241-4D61-87E5-23A9302575D4" /* LiveClient.cpp in Sources */,
				"7EF94A45-A2E9-4ACD-82F6-1CF69D69D5CE" /* LocalGistClient.cpp in Sources */,
				"EF312052-19B1-4700-9852-FACB8E665BA4" /* Plots.cpp in Sources */,
				"18C58410-B0A8-4A0E-8CF0-7F4865040247" /* Processor.cpp in Sources */,
				"38C1D5B2-FD2D-40C8-9784-9946BC3222C9" /* SpectrumPlots.cpp in Sources */,
				"AA686118-B909-4510-B3D4-66BC1CF1EA34" /* ofxSelfOrganizingMap.cpp in Sources */,
				"732CB4FA-5F81-403B-A057-6A09BCD7CD7E" /* ofxContinuousSomPalette.cpp in Sources */,
				"9E132E3C-178C-4408-94EF-00528F8D4FA6" /* ofxSomPalette.cpp in Sources */,
			);
			runOnlyForDeploymentPostprocessing = 0;
		};
/* End PBXSourcesBuildPhase section */

/* Begin XCBuildConfiguration section */
		E4B69B4E0A3A1720003C02F2 /* Debug */ = {
			isa = XCBuildConfiguration;
			baseConfigurationReference = E4EB6923138AFD0F00A09F29 /* Project.xcconfig */;
			buildSettings = {
				CODE_SIGN_ENTITLEMENTS = of.entitlements;
				COPY_PHASE_STRIP = NO;
				ENABLE_TESTABILITY = YES;
				GCC_OPTIMIZATION_LEVEL = 0;
				GCC_WARN_UNUSED_VARIABLE = NO;
				HEADER_SEARCH_PATHS = (
					"$(OF_CORE_HEADERS)",
					src,
				);
				OTHER_CPLUSPLUSFLAGS = "-D__MACOSX_CORE__";
			};
			name = Debug;
		};
		E4B69B4F0A3A1720003C02F2 /* Release */ = {
			isa = XCBuildConfiguration;
			baseConfigurationReference = E4EB6923138AFD0F00A09F29 /* Project.xcconfig */;
			buildSettings = {
				CODE_SIGN_ENTITLEMENTS = of.entitlements;
				COPY_PHASE_STRIP = YES;
				GCC_OPTIMIZATION_LEVEL = 3;
				GCC_UNROLL_LOOPS = YES;
				HEADER_SEARCH_PATHS = (
					"$(OF_CORE_HEADERS)",
					src,
				);
				OTHER_CPLUSPLUSFLAGS = "-D__MACOSX_CORE__";
			};
			name = Release;
		};
		E4B69B600A3A1757003C02F2 /* Debug */ = {
			isa = XCBuildConfiguration;
			baseConfigurationReference = E4EB6923138AFD0F00A09F29 /* Project.xcconfig */;
			buildSettings = {
				ARCHS = "$(ARCHS_STANDARD)";
				COPY_PHASE_STRIP = NO;
				FRAMEWORK_SEARCH_PATHS = "$(inherited)";
				GCC_DYNAMIC_NO_PIC = NO;
				GCC_PREPROCESSOR_DEFINITIONS = (
					USE_OFX_HISTORYPLOT,
					USING_OFX_SOUND_OBJECTS,
				);
				HEADER_SEARCH_PATHS = (
					"$(OF_CORE_HEADERS)",
					src,
					src,
					../../ofxNetwork/src,
					../../ofxOsc/libs,
					../../ofxOsc/libs/oscpack,
					../../ofxOsc/libs/oscpack/src,
					../../ofxOsc/libs/oscpack/src/ip,
					../../ofxOsc/libs/oscpack/src/ip/posix,
					../../ofxOsc/libs/oscpack/src/osc,
					../../ofxOsc/src,
					../../ofxHistoryPlot/src,
					../../ofxGist/libs,
					../../ofxGist/libs/Gist,
					../../ofxGist/libs/Gist/src,
					../../ofxGist/libs/Gist/src/core,
					../../ofxGist/libs/Gist/src/mfcc,
					"../../ofxGist/libs/Gist/src/onset-detection-functions",
					../../ofxGist/libs/Gist/src/pitch,
					"../../ofxGist/libs/Stark-Plumbley",
					../../ofxGist/libs/kiss_fft130,
					../../ofxGist/src,
					../../ofxAudioFile/libs,
					../../ofxAudioFile/src,
					../../ofxGui/src,
					../../ofxSoundObjects/src,
					../../ofxSoundObjects/src/SoundObjects,
					../../ofxSoundObjects/src/Renderers,
					../../ofxAudioAnalysisClient/src,
					../../ofxAudioData/src,
					../../ofxSelfOrganizingMap/src,
					../src,
				);
				LIBRARY_SEARCH_PATHS = "$(inherited)";
				OTHER_LDFLAGS = (
					"$(OF_CORE_LIBS)",
					"$(OF_CORE_FRAMEWORKS)",
					"$(LIB_OF_DEBUG)",
				);
			};
			name = Debug;
		};
		E4B69B610A3A1757003C02F2 /* Release */ = {
			isa = XCBuildConfiguration;
			baseConfigurationReference = E4EB6923138AFD0F00A09F29 /* Project.xcconfig */;
			buildSettings = {
				ARCHS = "$(ARCHS_STANDARD)";
				COPY_PHASE_STRIP = YES;
				FRAMEWORK_SEARCH_PATHS = "$(inherited)";
				GCC_PREPROCESSOR_DEFINITIONS = (
					USE_OFX_HISTORYPLOT,
					USING_OFX_SOUND_OBJECTS,
				);
				HEADER_SEARCH_PATHS = (
					"$(OF_CORE_HEADERS)",
					src,
					src,
					../../ofxNetwork/src,
					../../ofxOsc/libs,
					../../ofxOsc/libs/oscpack,
					../../ofxOsc/libs/oscpack/src,
					../../ofxOsc/libs/oscpack/src/ip,
					../../ofxOsc/libs/oscpack/src/ip/posix,
					../../ofxOsc/libs/oscpack/src/osc,
					../../ofxOsc/src,
					../../ofxHistoryPlot/src,
					../../ofxGist/libs,
					../../ofxGist/libs/Gist,
					../../ofxGist/libs/Gist/src,
					../../ofxGist/libs/Gist/src/core,
					../../ofxGist/libs/Gist/src/mfcc,
					"../../ofxGist/libs/Gist/src/onset-detection-functions",
					../../ofxGist/libs/Gist/src/pitch,
					"../../ofxGist/libs/Stark-Plumbley",
					../../ofxGist/libs/kiss_fft130,
					../../ofxGist/src,
					../../ofxAudioFile/libs,
					../../ofxAudioFile/src,
					../../ofxGui/src,
					../../ofxSoundObjects/src,
					../../ofxSoundObjects/src/SoundObjects,
					../../ofxSoundObjects/src/Renderers,
					../../ofxAudioAnalysisClient/src,
					../../ofxAudioData/src,
					../../ofxSelfOrganizingMap/src,
					../src,
				);
				LIBRARY_SEARCH_PATHS = "$(inherited)";
				OTHER_LDFLAGS = (
					"$(OF_CORE_LIBS)",
					"$(OF_CORE_FRAMEWORKS)",
					"$(LIB_OF_RELEASE)",
				);
				baseConfigurationReference = E4EB6923138AFD0F00A09F29;
			};
			name = Release;
		};
/* End XCBuildConfiguration section */

/* Begin XCConfigurationList section */
		E4B69B4D0A3A1720003C02F2 /* Build configuration list for PBXProject "example_ContinuousPalettesFromAudio" */ = {
			isa = XCConfigurationList;
			buildConfigurations = (
				E4B69B4E0A3A1720003C02F2 /* Debug */,
				E4B69B4F0A3A1720003C02F2 /* Release */,
			);
			defaultConfigurationIsVisible = 0;
			defaultConfigurationName = Release;
		};
		E4B69B5F0A3A1757003C02F2 /* Build configuration list for PBXNativeTarget "example_ContinuousPalettesFromAudio" */ = {
			isa = XCConfigurationList;
			buildConfigurations = (
				E4B69B600A3A1757003C02F2 /* Debug */,
				E4B69B610A3A1757003C02F2 /* Release */,
			);
			defaultConfigurationIsVisible = 0;
			defaultConfigurationName = Release;
		};
/* End XCConfigurationList section */
	};
	rootObject = E4B69B4C0A3A1720003C02F2 /* Project object */;
}
